// !$*UTF8*$!
{
	archiveVersion = 1;
	classes = {
	};
	objectVersion = 56;
	objects = {

/* Begin PBXBuildFile section */
		C3D9DDAC2B025CFF001FF8B1 /* AppDelegate.swift in Sources */ = {isa = PBXBuildFile; fileRef = C3D9DDAB2B025CFF001FF8B1 /* AppDelegate.swift */; };
		C3D9DDAE2B025CFF001FF8B1 /* SceneDelegate.swift in Sources */ = {isa = PBXBuildFile; fileRef = C3D9DDAD2B025CFF001FF8B1 /* SceneDelegate.swift */; };
		C3D9DDB52B025D00001FF8B1 /* Assets.xcassets in Resources */ = {isa = PBXBuildFile; fileRef = C3D9DDB42B025D00001FF8B1 /* Assets.xcassets */; };
		C3D9DDB82B025D00001FF8B1 /* LaunchScreen.storyboard in Resources */ = {isa = PBXBuildFile; fileRef = C3D9DDB62B025D00001FF8B1 /* LaunchScreen.storyboard */; };
		C3D9DDC62B025E11001FF8B1 /* LoadCountryListFromRemoteUseCaseTests.swift in Sources */ = {isa = PBXBuildFile; fileRef = C3D9DDC52B025E11001FF8B1 /* LoadCountryListFromRemoteUseCaseTests.swift */; };
		C3D9DDCF2B025F23001FF8B1 /* HTTPClient.swift in Sources */ = {isa = PBXBuildFile; fileRef = C3D9DDCE2B025F23001FF8B1 /* HTTPClient.swift */; };
		C3D9DDD32B025F57001FF8B1 /* HTTPClientSpy.swift in Sources */ = {isa = PBXBuildFile; fileRef = C3D9DDD22B025F57001FF8B1 /* HTTPClientSpy.swift */; };
		C3D9DDD62B025F8F001FF8B1 /* XCTestCase+MemoryLeakTracking.swift in Sources */ = {isa = PBXBuildFile; fileRef = C3D9DDD52B025F8F001FF8B1 /* XCTestCase+MemoryLeakTracking.swift */; };
		C3D9DDD92B0261AE001FF8B1 /* RemoteCountryLoader.swift in Sources */ = {isa = PBXBuildFile; fileRef = C3D9DDD82B0261AE001FF8B1 /* RemoteCountryLoader.swift */; };
		C3D9DDDB2B0261C3001FF8B1 /* CountryListLoader.swift in Sources */ = {isa = PBXBuildFile; fileRef = C3D9DDDA2B0261C3001FF8B1 /* CountryListLoader.swift */; };
		C3D9DDDD2B0261F4001FF8B1 /* CountryListItem.swift in Sources */ = {isa = PBXBuildFile; fileRef = C3D9DDDC2B0261F4001FF8B1 /* CountryListItem.swift */; };
		C3D9DDDF2B0262A8001FF8B1 /* CountryListItemsMapper.swift in Sources */ = {isa = PBXBuildFile; fileRef = C3D9DDDE2B0262A8001FF8B1 /* CountryListItemsMapper.swift */; };
		C3D9DDE22B0262DC001FF8B1 /* HTTPURLResponse+StatusCode.swift in Sources */ = {isa = PBXBuildFile; fileRef = C3D9DDE12B0262DC001FF8B1 /* HTTPURLResponse+StatusCode.swift */; };
		C3D9DDE42B0266F2001FF8B1 /* SharedTestHelper.swift in Sources */ = {isa = PBXBuildFile; fileRef = C3D9DDE32B0266F2001FF8B1 /* SharedTestHelper.swift */; };
		C3D9DDE62B026ED0001FF8B1 /* LoadImageDataFromRemoteUseCaseTests.swift in Sources */ = {isa = PBXBuildFile; fileRef = C3D9DDE52B026ED0001FF8B1 /* LoadImageDataFromRemoteUseCaseTests.swift */; };
		C3D9DDE92B027044001FF8B1 /* RemoteImageDataLoader.swift in Sources */ = {isa = PBXBuildFile; fileRef = C3D9DDE82B027044001FF8B1 /* RemoteImageDataLoader.swift */; };
		C3D9DDEB2B027057001FF8B1 /* ImageDataLoader.swift in Sources */ = {isa = PBXBuildFile; fileRef = C3D9DDEA2B027057001FF8B1 /* ImageDataLoader.swift */; };
/* End PBXBuildFile section */

/* Begin PBXContainerItemProxy section */
		C3D9DDC72B025E11001FF8B1 /* PBXContainerItemProxy */ = {
			isa = PBXContainerItemProxy;
			containerPortal = C3D9DDA02B025CFF001FF8B1 /* Project object */;
			proxyType = 1;
			remoteGlobalIDString = C3D9DDA72B025CFF001FF8B1;
			remoteInfo = CountryListApp;
		};
/* End PBXContainerItemProxy section */

/* Begin PBXFileReference section */
		C3D9DDA82B025CFF001FF8B1 /* CountryListApp.app */ = {isa = PBXFileReference; explicitFileType = wrapper.application; includeInIndex = 0; path = CountryListApp.app; sourceTree = BUILT_PRODUCTS_DIR; };
		C3D9DDAB2B025CFF001FF8B1 /* AppDelegate.swift */ = {isa = PBXFileReference; lastKnownFileType = sourcecode.swift; path = AppDelegate.swift; sourceTree = "<group>"; };
		C3D9DDAD2B025CFF001FF8B1 /* SceneDelegate.swift */ = {isa = PBXFileReference; lastKnownFileType = sourcecode.swift; path = SceneDelegate.swift; sourceTree = "<group>"; };
		C3D9DDB42B025D00001FF8B1 /* Assets.xcassets */ = {isa = PBXFileReference; lastKnownFileType = folder.assetcatalog; path = Assets.xcassets; sourceTree = "<group>"; };
		C3D9DDB72B025D00001FF8B1 /* Base */ = {isa = PBXFileReference; lastKnownFileType = file.storyboard; name = Base; path = Base.lproj/LaunchScreen.storyboard; sourceTree = "<group>"; };
		C3D9DDB92B025D00001FF8B1 /* Info.plist */ = {isa = PBXFileReference; lastKnownFileType = text.plist.xml; path = Info.plist; sourceTree = "<group>"; };
		C3D9DDC32B025E11001FF8B1 /* CountryListAppTests.xctest */ = {isa = PBXFileReference; explicitFileType = wrapper.cfbundle; includeInIndex = 0; path = CountryListAppTests.xctest; sourceTree = BUILT_PRODUCTS_DIR; };
		C3D9DDC52B025E11001FF8B1 /* LoadCountryListFromRemoteUseCaseTests.swift */ = {isa = PBXFileReference; lastKnownFileType = sourcecode.swift; path = LoadCountryListFromRemoteUseCaseTests.swift; sourceTree = "<group>"; };
		C3D9DDCE2B025F23001FF8B1 /* HTTPClient.swift */ = {isa = PBXFileReference; lastKnownFileType = sourcecode.swift; path = HTTPClient.swift; sourceTree = "<group>"; };
		C3D9DDD22B025F57001FF8B1 /* HTTPClientSpy.swift */ = {isa = PBXFileReference; lastKnownFileType = sourcecode.swift; path = HTTPClientSpy.swift; sourceTree = "<group>"; };
		C3D9DDD52B025F8F001FF8B1 /* XCTestCase+MemoryLeakTracking.swift */ = {isa = PBXFileReference; lastKnownFileType = sourcecode.swift; path = "XCTestCase+MemoryLeakTracking.swift"; sourceTree = "<group>"; };
		C3D9DDD82B0261AE001FF8B1 /* RemoteCountryLoader.swift */ = {isa = PBXFileReference; lastKnownFileType = sourcecode.swift; path = RemoteCountryLoader.swift; sourceTree = "<group>"; };
		C3D9DDDA2B0261C3001FF8B1 /* CountryListLoader.swift */ = {isa = PBXFileReference; lastKnownFileType = sourcecode.swift; path = CountryListLoader.swift; sourceTree = "<group>"; };
		C3D9DDDC2B0261F4001FF8B1 /* CountryListItem.swift */ = {isa = PBXFileReference; lastKnownFileType = sourcecode.swift; path = CountryListItem.swift; sourceTree = "<group>"; };
		C3D9DDDE2B0262A8001FF8B1 /* CountryListItemsMapper.swift */ = {isa = PBXFileReference; lastKnownFileType = sourcecode.swift; path = CountryListItemsMapper.swift; sourceTree = "<group>"; };
		C3D9DDE12B0262DC001FF8B1 /* HTTPURLResponse+StatusCode.swift */ = {isa = PBXFileReference; lastKnownFileType = sourcecode.swift; path = "HTTPURLResponse+StatusCode.swift"; sourceTree = "<group>"; };
		C3D9DDE32B0266F2001FF8B1 /* SharedTestHelper.swift */ = {isa = PBXFileReference; lastKnownFileType = sourcecode.swift; path = SharedTestHelper.swift; sourceTree = "<group>"; };
		C3D9DDE52B026ED0001FF8B1 /* LoadImageDataFromRemoteUseCaseTests.swift */ = {isa = PBXFileReference; lastKnownFileType = sourcecode.swift; path = LoadImageDataFromRemoteUseCaseTests.swift; sourceTree = "<group>"; };
		C3D9DDE82B027044001FF8B1 /* RemoteImageDataLoader.swift */ = {isa = PBXFileReference; lastKnownFileType = sourcecode.swift; path = RemoteImageDataLoader.swift; sourceTree = "<group>"; };
		C3D9DDEA2B027057001FF8B1 /* ImageDataLoader.swift */ = {isa = PBXFileReference; lastKnownFileType = sourcecode.swift; path = ImageDataLoader.swift; sourceTree = "<group>"; };
/* End PBXFileReference section */

/* Begin PBXFrameworksBuildPhase section */
		C3D9DDA52B025CFF001FF8B1 /* Frameworks */ = {
			isa = PBXFrameworksBuildPhase;
			buildActionMask = 2147483647;
			files = (
			);
			runOnlyForDeploymentPostprocessing = 0;
		};
		C3D9DDC02B025E11001FF8B1 /* Frameworks */ = {
			isa = PBXFrameworksBuildPhase;
			buildActionMask = 2147483647;
			files = (
			);
			runOnlyForDeploymentPostprocessing = 0;
		};
/* End PBXFrameworksBuildPhase section */

/* Begin PBXGroup section */
		C3D9DD9F2B025CFF001FF8B1 = {
			isa = PBXGroup;
			children = (
				C3D9DDAA2B025CFF001FF8B1 /* CountryListApp */,
				C3D9DDC42B025E11001FF8B1 /* CountryListAppTests */,
				C3D9DDA92B025CFF001FF8B1 /* Products */,
			);
			sourceTree = "<group>";
		};
		C3D9DDA92B025CFF001FF8B1 /* Products */ = {
			isa = PBXGroup;
			children = (
				C3D9DDA82B025CFF001FF8B1 /* CountryListApp.app */,
				C3D9DDC32B025E11001FF8B1 /* CountryListAppTests.xctest */,
			);
			name = Products;
			sourceTree = "<group>";
		};
		C3D9DDAA2B025CFF001FF8B1 /* CountryListApp */ = {
			isa = PBXGroup;
			children = (
				C3D9DDCC2B025EF3001FF8B1 /* API */,
				C3D9DDAB2B025CFF001FF8B1 /* AppDelegate.swift */,
				C3D9DDAD2B025CFF001FF8B1 /* SceneDelegate.swift */,
				C3D9DDB42B025D00001FF8B1 /* Assets.xcassets */,
				C3D9DDB62B025D00001FF8B1 /* LaunchScreen.storyboard */,
				C3D9DDB92B025D00001FF8B1 /* Info.plist */,
			);
			path = CountryListApp;
			sourceTree = "<group>";
		};
		C3D9DDC42B025E11001FF8B1 /* CountryListAppTests */ = {
			isa = PBXGroup;
			children = (
				C3D9DDD42B025F85001FF8B1 /* Shared */,
				C3D9DDD02B025F44001FF8B1 /* API */,
			);
			path = CountryListAppTests;
			sourceTree = "<group>";
		};
		C3D9DDCC2B025EF3001FF8B1 /* API */ = {
			isa = PBXGroup;
			children = (
				C3D9DDE72B027039001FF8B1 /* Shared */,
				C3D9DDE02B0262CB001FF8B1 /* Helpers */,
				C3D9DDD72B02619A001FF8B1 /* CountryList */,
				C3D9DDCE2B025F23001FF8B1 /* HTTPClient.swift */,
			);
			path = API;
			sourceTree = "<group>";
		};
		C3D9DDD02B025F44001FF8B1 /* API */ = {
			isa = PBXGroup;
			children = (
				C3D9DDD12B025F4C001FF8B1 /* Helpers */,
				C3D9DDE52B026ED0001FF8B1 /* LoadImageDataFromRemoteUseCaseTests.swift */,
				C3D9DDC52B025E11001FF8B1 /* LoadCountryListFromRemoteUseCaseTests.swift */,
			);
			path = API;
			sourceTree = "<group>";
		};
		C3D9DDD12B025F4C001FF8B1 /* Helpers */ = {
			isa = PBXGroup;
			children = (
				C3D9DDD22B025F57001FF8B1 /* HTTPClientSpy.swift */,
				C3D9DDE32B0266F2001FF8B1 /* SharedTestHelper.swift */,
			);
			path = Helpers;
			sourceTree = "<group>";
		};
		C3D9DDD42B025F85001FF8B1 /* Shared */ = {
			isa = PBXGroup;
			children = (
				C3D9DDD52B025F8F001FF8B1 /* XCTestCase+MemoryLeakTracking.swift */,
			);
			path = Shared;
			sourceTree = "<group>";
		};
		C3D9DDD72B02619A001FF8B1 /* CountryList */ = {
			isa = PBXGroup;
			children = (
				C3D9DDD82B0261AE001FF8B1 /* RemoteCountryLoader.swift */,
				C3D9DDDA2B0261C3001FF8B1 /* CountryListLoader.swift */,
				C3D9DDDC2B0261F4001FF8B1 /* CountryListItem.swift */,
				C3D9DDDE2B0262A8001FF8B1 /* CountryListItemsMapper.swift */,
			);
			path = CountryList;
			sourceTree = "<group>";
		};
		C3D9DDE02B0262CB001FF8B1 /* Helpers */ = {
			isa = PBXGroup;
			children = (
				C3D9DDE12B0262DC001FF8B1 /* HTTPURLResponse+StatusCode.swift */,
			);
			path = Helpers;
			sourceTree = "<group>";
		};
		C3D9DDE72B027039001FF8B1 /* Shared */ = {
			isa = PBXGroup;
			children = (
				C3D9DDE82B027044001FF8B1 /* RemoteImageDataLoader.swift */,
				C3D9DDEA2B027057001FF8B1 /* ImageDataLoader.swift */,
			);
			path = Shared;
			sourceTree = "<group>";
		};
/* End PBXGroup section */

/* Begin PBXNativeTarget section */
		C3D9DDA72B025CFF001FF8B1 /* CountryListApp */ = {
			isa = PBXNativeTarget;
			buildConfigurationList = C3D9DDBC2B025D00001FF8B1 /* Build configuration list for PBXNativeTarget "CountryListApp" */;
			buildPhases = (
				C3D9DDA42B025CFF001FF8B1 /* Sources */,
				C3D9DDA52B025CFF001FF8B1 /* Frameworks */,
				C3D9DDA62B025CFF001FF8B1 /* Resources */,
			);
			buildRules = (
			);
			dependencies = (
			);
			name = CountryListApp;
			productName = CountryListApp;
			productReference = C3D9DDA82B025CFF001FF8B1 /* CountryListApp.app */;
			productType = "com.apple.product-type.application";
		};
		C3D9DDC22B025E11001FF8B1 /* CountryListAppTests */ = {
			isa = PBXNativeTarget;
			buildConfigurationList = C3D9DDC92B025E11001FF8B1 /* Build configuration list for PBXNativeTarget "CountryListAppTests" */;
			buildPhases = (
				C3D9DDBF2B025E11001FF8B1 /* Sources */,
				C3D9DDC02B025E11001FF8B1 /* Frameworks */,
				C3D9DDC12B025E11001FF8B1 /* Resources */,
			);
			buildRules = (
			);
			dependencies = (
				C3D9DDC82B025E11001FF8B1 /* PBXTargetDependency */,
			);
			name = CountryListAppTests;
			productName = CountryListAppTests;
			productReference = C3D9DDC32B025E11001FF8B1 /* CountryListAppTests.xctest */;
			productType = "com.apple.product-type.bundle.unit-test";
		};
/* End PBXNativeTarget section */

/* Begin PBXProject section */
		C3D9DDA02B025CFF001FF8B1 /* Project object */ = {
			isa = PBXProject;
			attributes = {
				BuildIndependentTargetsInParallel = 1;
				LastSwiftUpdateCheck = 1500;
				LastUpgradeCheck = 1500;
				TargetAttributes = {
					C3D9DDA72B025CFF001FF8B1 = {
						CreatedOnToolsVersion = 15.0;
					};
					C3D9DDC22B025E11001FF8B1 = {
						CreatedOnToolsVersion = 15.0;
						TestTargetID = C3D9DDA72B025CFF001FF8B1;
					};
				};
			};
			buildConfigurationList = C3D9DDA32B025CFF001FF8B1 /* Build configuration list for PBXProject "CountryListApp" */;
			compatibilityVersion = "Xcode 14.0";
			developmentRegion = en;
			hasScannedForEncodings = 0;
			knownRegions = (
				en,
				Base,
			);
			mainGroup = C3D9DD9F2B025CFF001FF8B1;
			productRefGroup = C3D9DDA92B025CFF001FF8B1 /* Products */;
			projectDirPath = "";
			projectRoot = "";
			targets = (
				C3D9DDA72B025CFF001FF8B1 /* CountryListApp */,
				C3D9DDC22B025E11001FF8B1 /* CountryListAppTests */,
			);
		};
/* End PBXProject section */

/* Begin PBXResourcesBuildPhase section */
		C3D9DDA62B025CFF001FF8B1 /* Resources */ = {
			isa = PBXResourcesBuildPhase;
			buildActionMask = 2147483647;
			files = (
				C3D9DDB82B025D00001FF8B1 /* LaunchScreen.storyboard in Resources */,
				C3D9DDB52B025D00001FF8B1 /* Assets.xcassets in Resources */,
			);
			runOnlyForDeploymentPostprocessing = 0;
		};
		C3D9DDC12B025E11001FF8B1 /* Resources */ = {
			isa = PBXResourcesBuildPhase;
			buildActionMask = 2147483647;
			files = (
			);
			runOnlyForDeploymentPostprocessing = 0;
		};
/* End PBXResourcesBuildPhase section */

/* Begin PBXSourcesBuildPhase section */
		C3D9DDA42B025CFF001FF8B1 /* Sources */ = {
			isa = PBXSourcesBuildPhase;
			buildActionMask = 2147483647;
			files = (
				C3D9DDAC2B025CFF001FF8B1 /* AppDelegate.swift in Sources */,
				C3D9DDAE2B025CFF001FF8B1 /* SceneDelegate.swift in Sources */,
				C3D9DDCF2B025F23001FF8B1 /* HTTPClient.swift in Sources */,
				C3D9DDDB2B0261C3001FF8B1 /* CountryListLoader.swift in Sources */,
				C3D9DDD92B0261AE001FF8B1 /* RemoteCountryLoader.swift in Sources */,
				C3D9DDE92B027044001FF8B1 /* RemoteImageDataLoader.swift in Sources */,
				C3D9DDEB2B027057001FF8B1 /* ImageDataLoader.swift in Sources */,
				C3D9DDDF2B0262A8001FF8B1 /* CountryListItemsMapper.swift in Sources */,
				C3D9DDE22B0262DC001FF8B1 /* HTTPURLResponse+StatusCode.swift in Sources */,
				C3D9DDDD2B0261F4001FF8B1 /* CountryListItem.swift in Sources */,
			);
			runOnlyForDeploymentPostprocessing = 0;
		};
		C3D9DDBF2B025E11001FF8B1 /* Sources */ = {
			isa = PBXSourcesBuildPhase;
			buildActionMask = 2147483647;
			files = (
				C3D9DDE42B0266F2001FF8B1 /* SharedTestHelper.swift in Sources */,
				C3D9DDC62B025E11001FF8B1 /* LoadCountryListFromRemoteUseCaseTests.swift in Sources */,
				C3D9DDE62B026ED0001FF8B1 /* LoadImageDataFromRemoteUseCaseTests.swift in Sources */,
				C3D9DDD32B025F57001FF8B1 /* HTTPClientSpy.swift in Sources */,
				C3D9DDD62B025F8F001FF8B1 /* XCTestCase+MemoryLeakTracking.swift in Sources */,
			);
			runOnlyForDeploymentPostprocessing = 0;
		};
/* End PBXSourcesBuildPhase section */

/* Begin PBXTargetDependency section */
		C3D9DDC82B025E11001FF8B1 /* PBXTargetDependency */ = {
			isa = PBXTargetDependency;
			target = C3D9DDA72B025CFF001FF8B1 /* CountryListApp */;
			targetProxy = C3D9DDC72B025E11001FF8B1 /* PBXContainerItemProxy */;
		};
/* End PBXTargetDependency section */

/* Begin PBXVariantGroup section */
		C3D9DDB62B025D00001FF8B1 /* LaunchScreen.storyboard */ = {
			isa = PBXVariantGroup;
			children = (
				C3D9DDB72B025D00001FF8B1 /* Base */,
			);
			name = LaunchScreen.storyboard;
			sourceTree = "<group>";
		};
/* End PBXVariantGroup section */

/* Begin XCBuildConfiguration section */
		C3D9DDBA2B025D00001FF8B1 /* Debug */ = {
			isa = XCBuildConfiguration;
			buildSettings = {
				ALWAYS_SEARCH_USER_PATHS = NO;
				ASSETCATALOG_COMPILER_GENERATE_SWIFT_ASSET_SYMBOL_EXTENSIONS = YES;
				CLANG_ANALYZER_NONNULL = YES;
				CLANG_ANALYZER_NUMBER_OBJECT_CONVERSION = YES_AGGRESSIVE;
				CLANG_CXX_LANGUAGE_STANDARD = "gnu++20";
				CLANG_ENABLE_MODULES = YES;
				CLANG_ENABLE_OBJC_ARC = YES;
				CLANG_ENABLE_OBJC_WEAK = YES;
				CLANG_WARN_BLOCK_CAPTURE_AUTORELEASING = YES;
				CLANG_WARN_BOOL_CONVERSION = YES;
				CLANG_WARN_COMMA = YES;
				CLANG_WARN_CONSTANT_CONVERSION = YES;
				CLANG_WARN_DEPRECATED_OBJC_IMPLEMENTATIONS = YES;
				CLANG_WARN_DIRECT_OBJC_ISA_USAGE = YES_ERROR;
				CLANG_WARN_DOCUMENTATION_COMMENTS = YES;
				CLANG_WARN_EMPTY_BODY = YES;
				CLANG_WARN_ENUM_CONVERSION = YES;
				CLANG_WARN_INFINITE_RECURSION = YES;
				CLANG_WARN_INT_CONVERSION = YES;
				CLANG_WARN_NON_LITERAL_NULL_CONVERSION = YES;
				CLANG_WARN_OBJC_IMPLICIT_RETAIN_SELF = YES;
				CLANG_WARN_OBJC_LITERAL_CONVERSION = YES;
				CLANG_WARN_OBJC_ROOT_CLASS = YES_ERROR;
				CLANG_WARN_QUOTED_INCLUDE_IN_FRAMEWORK_HEADER = YES;
				CLANG_WARN_RANGE_LOOP_ANALYSIS = YES;
				CLANG_WARN_STRICT_PROTOTYPES = YES;
				CLANG_WARN_SUSPICIOUS_MOVE = YES;
				CLANG_WARN_UNGUARDED_AVAILABILITY = YES_AGGRESSIVE;
				CLANG_WARN_UNREACHABLE_CODE = YES;
				CLANG_WARN__DUPLICATE_METHOD_MATCH = YES;
				COPY_PHASE_STRIP = NO;
				DEBUG_INFORMATION_FORMAT = dwarf;
				ENABLE_STRICT_OBJC_MSGSEND = YES;
				ENABLE_TESTABILITY = YES;
				ENABLE_USER_SCRIPT_SANDBOXING = YES;
				GCC_C_LANGUAGE_STANDARD = gnu17;
				GCC_DYNAMIC_NO_PIC = NO;
				GCC_NO_COMMON_BLOCKS = YES;
				GCC_OPTIMIZATION_LEVEL = 0;
				GCC_PREPROCESSOR_DEFINITIONS = (
					"DEBUG=1",
					"$(inherited)",
				);
				GCC_WARN_64_TO_32_BIT_CONVERSION = YES;
				GCC_WARN_ABOUT_RETURN_TYPE = YES_ERROR;
				GCC_WARN_UNDECLARED_SELECTOR = YES;
				GCC_WARN_UNINITIALIZED_AUTOS = YES_AGGRESSIVE;
				GCC_WARN_UNUSED_FUNCTION = YES;
				GCC_WARN_UNUSED_VARIABLE = YES;
				IPHONEOS_DEPLOYMENT_TARGET = 17.0;
				LOCALIZATION_PREFERS_STRING_CATALOGS = YES;
				MTL_ENABLE_DEBUG_INFO = INCLUDE_SOURCE;
				MTL_FAST_MATH = YES;
				ONLY_ACTIVE_ARCH = YES;
				SDKROOT = iphoneos;
				SWIFT_ACTIVE_COMPILATION_CONDITIONS = "DEBUG $(inherited)";
				SWIFT_OPTIMIZATION_LEVEL = "-Onone";
			};
			name = Debug;
		};
		C3D9DDBB2B025D00001FF8B1 /* Release */ = {
			isa = XCBuildConfiguration;
			buildSettings = {
				ALWAYS_SEARCH_USER_PATHS = NO;
				ASSETCATALOG_COMPILER_GENERATE_SWIFT_ASSET_SYMBOL_EXTENSIONS = YES;
				CLANG_ANALYZER_NONNULL = YES;
				CLANG_ANALYZER_NUMBER_OBJECT_CONVERSION = YES_AGGRESSIVE;
				CLANG_CXX_LANGUAGE_STANDARD = "gnu++20";
				CLANG_ENABLE_MODULES = YES;
				CLANG_ENABLE_OBJC_ARC = YES;
				CLANG_ENABLE_OBJC_WEAK = YES;
				CLANG_WARN_BLOCK_CAPTURE_AUTORELEASING = YES;
				CLANG_WARN_BOOL_CONVERSION = YES;
				CLANG_WARN_COMMA = YES;
				CLANG_WARN_CONSTANT_CONVERSION = YES;
				CLANG_WARN_DEPRECATED_OBJC_IMPLEMENTATIONS = YES;
				CLANG_WARN_DIRECT_OBJC_ISA_USAGE = YES_ERROR;
				CLANG_WARN_DOCUMENTATION_COMMENTS = YES;
				CLANG_WARN_EMPTY_BODY = YES;
				CLANG_WARN_ENUM_CONVERSION = YES;
				CLANG_WARN_INFINITE_RECURSION = YES;
				CLANG_WARN_INT_CONVERSION = YES;
				CLANG_WARN_NON_LITERAL_NULL_CONVERSION = YES;
				CLANG_WARN_OBJC_IMPLICIT_RETAIN_SELF = YES;
				CLANG_WARN_OBJC_LITERAL_CONVERSION = YES;
				CLANG_WARN_OBJC_ROOT_CLASS = YES_ERROR;
				CLANG_WARN_QUOTED_INCLUDE_IN_FRAMEWORK_HEADER = YES;
				CLANG_WARN_RANGE_LOOP_ANALYSIS = YES;
				CLANG_WARN_STRICT_PROTOTYPES = YES;
				CLANG_WARN_SUSPICIOUS_MOVE = YES;
				CLANG_WARN_UNGUARDED_AVAILABILITY = YES_AGGRESSIVE;
				CLANG_WARN_UNREACHABLE_CODE = YES;
				CLANG_WARN__DUPLICATE_METHOD_MATCH = YES;
				COPY_PHASE_STRIP = NO;
				DEBUG_INFORMATION_FORMAT = "dwarf-with-dsym";
				ENABLE_NS_ASSERTIONS = NO;
				ENABLE_STRICT_OBJC_MSGSEND = YES;
				ENABLE_USER_SCRIPT_SANDBOXING = YES;
				GCC_C_LANGUAGE_STANDARD = gnu17;
				GCC_NO_COMMON_BLOCKS = YES;
				GCC_WARN_64_TO_32_BIT_CONVERSION = YES;
				GCC_WARN_ABOUT_RETURN_TYPE = YES_ERROR;
				GCC_WARN_UNDECLARED_SELECTOR = YES;
				GCC_WARN_UNINITIALIZED_AUTOS = YES_AGGRESSIVE;
				GCC_WARN_UNUSED_FUNCTION = YES;
				GCC_WARN_UNUSED_VARIABLE = YES;
				IPHONEOS_DEPLOYMENT_TARGET = 17.0;
				LOCALIZATION_PREFERS_STRING_CATALOGS = YES;
				MTL_ENABLE_DEBUG_INFO = NO;
				MTL_FAST_MATH = YES;
				SDKROOT = iphoneos;
				SWIFT_COMPILATION_MODE = wholemodule;
				VALIDATE_PRODUCT = YES;
			};
			name = Release;
		};
		C3D9DDBD2B025D00001FF8B1 /* Debug */ = {
			isa = XCBuildConfiguration;
			buildSettings = {
				ASSETCATALOG_COMPILER_APPICON_NAME = AppIcon;
				ASSETCATALOG_COMPILER_GLOBAL_ACCENT_COLOR_NAME = AccentColor;
				CODE_SIGN_STYLE = Automatic;
				CURRENT_PROJECT_VERSION = 1;
				DEVELOPMENT_TEAM = 9P74L4GXWB;
				GENERATE_INFOPLIST_FILE = YES;
				INFOPLIST_FILE = CountryListApp/Info.plist;
				INFOPLIST_KEY_UIApplicationSupportsIndirectInputEvents = YES;
				INFOPLIST_KEY_UILaunchStoryboardName = LaunchScreen;
				INFOPLIST_KEY_UISupportedInterfaceOrientations_iPad = "UIInterfaceOrientationPortrait UIInterfaceOrientationPortraitUpsideDown UIInterfaceOrientationLandscapeLeft UIInterfaceOrientationLandscapeRight";
				INFOPLIST_KEY_UISupportedInterfaceOrientations_iPhone = "UIInterfaceOrientationPortrait UIInterfaceOrientationLandscapeLeft UIInterfaceOrientationLandscapeRight";
				LD_RUNPATH_SEARCH_PATHS = (
					"$(inherited)",
					"@executable_path/Frameworks",
				);
				MARKETING_VERSION = 1.0;
				PRODUCT_BUNDLE_IDENTIFIER = com.dukena.CountryListApp;
				PRODUCT_NAME = "$(TARGET_NAME)";
				SWIFT_EMIT_LOC_STRINGS = YES;
				SWIFT_VERSION = 5.0;
				TARGETED_DEVICE_FAMILY = "1,2";
			};
			name = Debug;
		};
		C3D9DDBE2B025D00001FF8B1 /* Release */ = {
			isa = XCBuildConfiguration;
			buildSettings = {
				ASSETCATALOG_COMPILER_APPICON_NAME = AppIcon;
				ASSETCATALOG_COMPILER_GLOBAL_ACCENT_COLOR_NAME = AccentColor;
				CODE_SIGN_STYLE = Automatic;
				CURRENT_PROJECT_VERSION = 1;
				DEVELOPMENT_TEAM = 9P74L4GXWB;
				GENERATE_INFOPLIST_FILE = YES;
				INFOPLIST_FILE = CountryListApp/Info.plist;
				INFOPLIST_KEY_UIApplicationSupportsIndirectInputEvents = YES;
				INFOPLIST_KEY_UILaunchStoryboardName = LaunchScreen;
				INFOPLIST_KEY_UISupportedInterfaceOrientations_iPad = "UIInterfaceOrientationPortrait UIInterfaceOrientationPortraitUpsideDown UIInterfaceOrientationLandscapeLeft UIInterfaceOrientationLandscapeRight";
				INFOPLIST_KEY_UISupportedInterfaceOrientations_iPhone = "UIInterfaceOrientationPortrait UIInterfaceOrientationLandscapeLeft UIInterfaceOrientationLandscapeRight";
				LD_RUNPATH_SEARCH_PATHS = (
					"$(inherited)",
					"@executable_path/Frameworks",
				);
				MARKETING_VERSION = 1.0;
				PRODUCT_BUNDLE_IDENTIFIER = com.dukena.CountryListApp;
				PRODUCT_NAME = "$(TARGET_NAME)";
				SWIFT_EMIT_LOC_STRINGS = YES;
				SWIFT_VERSION = 5.0;
				TARGETED_DEVICE_FAMILY = "1,2";
			};
			name = Release;
		};
		C3D9DDCA2B025E11001FF8B1 /* Debug */ = {
			isa = XCBuildConfiguration;
			buildSettings = {
				BUNDLE_LOADER = "$(TEST_HOST)";
				CODE_SIGN_STYLE = Automatic;
				CURRENT_PROJECT_VERSION = 1;
				DEVELOPMENT_TEAM = 9P74L4GXWB;
				GENERATE_INFOPLIST_FILE = YES;
				MARKETING_VERSION = 1.0;
				PRODUCT_BUNDLE_IDENTIFIER = com.dukena.CountryListAppTests;
				PRODUCT_NAME = "$(TARGET_NAME)";
				SWIFT_EMIT_LOC_STRINGS = NO;
				SWIFT_VERSION = 5.0;
				TARGETED_DEVICE_FAMILY = "1,2";
				TEST_HOST = "$(BUILT_PRODUCTS_DIR)/CountryListApp.app/$(BUNDLE_EXECUTABLE_FOLDER_PATH)/CountryListApp";
			};
			name = Debug;
		};
		C3D9DDCB2B025E11001FF8B1 /* Release */ = {
			isa = XCBuildConfiguration;
			buildSettings = {
				BUNDLE_LOADER = "$(TEST_HOST)";
				CODE_SIGN_STYLE = Automatic;
				CURRENT_PROJECT_VERSION = 1;
				DEVELOPMENT_TEAM = 9P74L4GXWB;
				GENERATE_INFOPLIST_FILE = YES;
				MARKETING_VERSION = 1.0;
				PRODUCT_BUNDLE_IDENTIFIER = com.dukena.CountryListAppTests;
				PRODUCT_NAME = "$(TARGET_NAME)";
				SWIFT_EMIT_LOC_STRINGS = NO;
				SWIFT_VERSION = 5.0;
				TARGETED_DEVICE_FAMILY = "1,2";
				TEST_HOST = "$(BUILT_PRODUCTS_DIR)/CountryListApp.app/$(BUNDLE_EXECUTABLE_FOLDER_PATH)/CountryListApp";
			};
			name = Release;
		};
/* End XCBuildConfiguration section */

/* Begin XCConfigurationList section */
		C3D9DDA32B025CFF001FF8B1 /* Build configuration list for PBXProject "CountryListApp" */ = {
			isa = XCConfigurationList;
			buildConfigurations = (
				C3D9DDBA2B025D00001FF8B1 /* Debug */,
				C3D9DDBB2B025D00001FF8B1 /* Release */,
			);
			defaultConfigurationIsVisible = 0;
			defaultConfigurationName = Release;
		};
		C3D9DDBC2B025D00001FF8B1 /* Build configuration list for PBXNativeTarget "CountryListApp" */ = {
			isa = XCConfigurationList;
			buildConfigurations = (
				C3D9DDBD2B025D00001FF8B1 /* Debug */,
				C3D9DDBE2B025D00001FF8B1 /* Release */,
			);
			defaultConfigurationIsVisible = 0;
			defaultConfigurationName = Release;
		};
		C3D9DDC92B025E11001FF8B1 /* Build configuration list for PBXNativeTarget "CountryListAppTests" */ = {
			isa = XCConfigurationList;
			buildConfigurations = (
				C3D9DDCA2B025E11001FF8B1 /* Debug */,
				C3D9DDCB2B025E11001FF8B1 /* Release */,
			);
			defaultConfigurationIsVisible = 0;
			defaultConfigurationName = Release;
		};
/* End XCConfigurationList section */
	};
	rootObject = C3D9DDA02B025CFF001FF8B1 /* Project object */;
}
