// !$*UTF8*$!
{
	archiveVersion = 1;
	classes = {
	};
	objectVersion = 56;
	objects = {

/* Begin PBXBuildFile section */
		AAA309AB2B02C42C00F923BF /* CountryListUIIntegrationTests+Assertions.swift in Sources */ = {isa = PBXBuildFile; fileRef = AAA309AA2B02C42C00F923BF /* CountryListUIIntegrationTests+Assertions.swift */; };
		AAA309AF2B02D69300F923BF /* DetailEndpoint.swift in Sources */ = {isa = PBXBuildFile; fileRef = AAA309AE2B02D69300F923BF /* DetailEndpoint.swift */; };
		AAA309B32B02D75400F923BF /* DetailItem.swift in Sources */ = {isa = PBXBuildFile; fileRef = AAA309B22B02D75400F923BF /* DetailItem.swift */; };
		AAA309B52B02D7F800F923BF /* DetailItemsMapper.swift in Sources */ = {isa = PBXBuildFile; fileRef = AAA309B42B02D7F800F923BF /* DetailItemsMapper.swift */; };
		AAA309B72B02D87600F923BF /* DetailLoader.swift in Sources */ = {isa = PBXBuildFile; fileRef = AAA309B62B02D87600F923BF /* DetailLoader.swift */; };
		AAA309B92B02D8A100F923BF /* RemoteDetailLoader.swift in Sources */ = {isa = PBXBuildFile; fileRef = AAA309B82B02D8A100F923BF /* RemoteDetailLoader.swift */; };
		AAA309BD2B02D9C300F923BF /* LoadDetailFromRemoteUseCaseTests.swift in Sources */ = {isa = PBXBuildFile; fileRef = AAA309BC2B02D9C300F923BF /* LoadDetailFromRemoteUseCaseTests.swift */; };
		AAA309C22B02E8F300F923BF /* DetailViewModel.swift in Sources */ = {isa = PBXBuildFile; fileRef = AAA309C12B02E8F300F923BF /* DetailViewModel.swift */; };
		AAA309C52B02E96700F923BF /* Detail.strings in Resources */ = {isa = PBXBuildFile; fileRef = AAA309C72B02E96700F923BF /* Detail.strings */; };
		AAA309CA2B02E9AA00F923BF /* CountryList+Localized.swift in Sources */ = {isa = PBXBuildFile; fileRef = AAA309C92B02E9AA00F923BF /* CountryList+Localized.swift */; };
		AAA309CC2B02E9C200F923BF /* Detail+Localized.swift in Sources */ = {isa = PBXBuildFile; fileRef = AAA309CB2B02E9C200F923BF /* Detail+Localized.swift */; };
		C3B38A682B02BAD700F65BB0 /* LoadingView.swift in Sources */ = {isa = PBXBuildFile; fileRef = C3B38A672B02BAD700F65BB0 /* LoadingView.swift */; };
		C3CF65C52B027A9D00D0CDEB /* CountryListViewModel.swift in Sources */ = {isa = PBXBuildFile; fileRef = C3CF65C42B027A9D00D0CDEB /* CountryListViewModel.swift */; };
		C3CF65C72B027B1F00D0CDEB /* Country.storyboard in Resources */ = {isa = PBXBuildFile; fileRef = C3CF65C62B027B1F00D0CDEB /* Country.storyboard */; };
		C3CF65C92B027BBD00D0CDEB /* CountryListViewController.swift in Sources */ = {isa = PBXBuildFile; fileRef = C3CF65C82B027BBD00D0CDEB /* CountryListViewController.swift */; };
		C3CF65CC2B027C1100D0CDEB /* UITableView+SizeHeader.swift in Sources */ = {isa = PBXBuildFile; fileRef = C3CF65CB2B027C1100D0CDEB /* UITableView+SizeHeader.swift */; };
		C3CF65CE2B027C9700D0CDEB /* ErrorView.swift in Sources */ = {isa = PBXBuildFile; fileRef = C3CF65CD2B027C9700D0CDEB /* ErrorView.swift */; };
		C3CF65D12B027DBA00D0CDEB /* CountryCellController.swift in Sources */ = {isa = PBXBuildFile; fileRef = C3CF65D02B027DBA00D0CDEB /* CountryCellController.swift */; };
		C3CF65D32B027DDA00D0CDEB /* UITableView+DequeueReusableCell.swift in Sources */ = {isa = PBXBuildFile; fileRef = C3CF65D22B027DDA00D0CDEB /* UITableView+DequeueReusableCell.swift */; };
		C3CF65D62B027E1100D0CDEB /* CountryCellViewModel.swift in Sources */ = {isa = PBXBuildFile; fileRef = C3CF65D52B027E1100D0CDEB /* CountryCellViewModel.swift */; };
		C3CF65D82B027E3900D0CDEB /* CountryCell.swift in Sources */ = {isa = PBXBuildFile; fileRef = C3CF65D72B027E3900D0CDEB /* CountryCell.swift */; };
		C3CF65DA2B027E7B00D0CDEB /* UIImageView+Animations.swift in Sources */ = {isa = PBXBuildFile; fileRef = C3CF65D92B027E7B00D0CDEB /* UIImageView+Animations.swift */; };
		C3CF65DC2B027E9600D0CDEB /* UIView+Shimmering.swift in Sources */ = {isa = PBXBuildFile; fileRef = C3CF65DB2B027E9600D0CDEB /* UIView+Shimmering.swift */; };
		C3CF65DF2B027FD600D0CDEB /* CountryListUIComposer.swift in Sources */ = {isa = PBXBuildFile; fileRef = C3CF65DE2B027FD600D0CDEB /* CountryListUIComposer.swift */; };
		C3CF65E22B02806800D0CDEB /* MainQueueDispatchDecorator.swift in Sources */ = {isa = PBXBuildFile; fileRef = C3CF65E12B02806800D0CDEB /* MainQueueDispatchDecorator.swift */; };
		C3CF65E42B0280FC00D0CDEB /* CountryListEndpoint.swift in Sources */ = {isa = PBXBuildFile; fileRef = C3CF65E32B0280FC00D0CDEB /* CountryListEndpoint.swift */; };
		C3CF65E62B02814E00D0CDEB /* URLSessionHTTPClient.swift in Sources */ = {isa = PBXBuildFile; fileRef = C3CF65E52B02814E00D0CDEB /* URLSessionHTTPClient.swift */; };
		C3CF65E92B0283DC00D0CDEB /* CountryListSnapshotTests.swift in Sources */ = {isa = PBXBuildFile; fileRef = C3CF65E82B0283DC00D0CDEB /* CountryListSnapshotTests.swift */; };
		C3CF65EC2B0284D800D0CDEB /* XCTestCase+Snapshot.swift in Sources */ = {isa = PBXBuildFile; fileRef = C3CF65EB2B0284D800D0CDEB /* XCTestCase+Snapshot.swift */; };
		C3CF65EF2B02852F00D0CDEB /* UIViewController+Snapshot.swift in Sources */ = {isa = PBXBuildFile; fileRef = C3CF65EE2B02852F00D0CDEB /* UIViewController+Snapshot.swift */; };
		C3CF65F12B02854F00D0CDEB /* SnapshotConfiguration.swift in Sources */ = {isa = PBXBuildFile; fileRef = C3CF65F02B02854F00D0CDEB /* SnapshotConfiguration.swift */; };
		C3CF66012B028B4B00D0CDEB /* COUNTRY_LIST_WITH_ERROR_light.png in Resources */ = {isa = PBXBuildFile; fileRef = C3CF65FB2B028B4A00D0CDEB /* COUNTRY_LIST_WITH_ERROR_light.png */; };
		C3CF66022B028B4B00D0CDEB /* COUNTRY_LIST_WITH_ERROR_dark.png in Resources */ = {isa = PBXBuildFile; fileRef = C3CF65FC2B028B4A00D0CDEB /* COUNTRY_LIST_WITH_ERROR_dark.png */; };
		C3CF66032B028B4B00D0CDEB /* EMPTY_COUNTRY_LIST_dark.png in Resources */ = {isa = PBXBuildFile; fileRef = C3CF65FD2B028B4A00D0CDEB /* EMPTY_COUNTRY_LIST_dark.png */; };
		C3CF66042B028B4B00D0CDEB /* COUNTRY_LIST_WITH_CONTENT_dark.png in Resources */ = {isa = PBXBuildFile; fileRef = C3CF65FE2B028B4A00D0CDEB /* COUNTRY_LIST_WITH_CONTENT_dark.png */; };
		C3CF66052B028B4B00D0CDEB /* COUNTRY_LIST_WITH_CONTENT_light.png in Resources */ = {isa = PBXBuildFile; fileRef = C3CF65FF2B028B4A00D0CDEB /* COUNTRY_LIST_WITH_CONTENT_light.png */; };
		C3CF66062B028B4B00D0CDEB /* EMPTY_COUNTRY_LIST_light.png in Resources */ = {isa = PBXBuildFile; fileRef = C3CF66002B028B4A00D0CDEB /* EMPTY_COUNTRY_LIST_light.png */; };
		C3CF66082B028C9B00D0CDEB /* CountryListAcceptanceTests.swift in Sources */ = {isa = PBXBuildFile; fileRef = C3CF66072B028C9B00D0CDEB /* CountryListAcceptanceTests.swift */; };
		C3CF660B2B028D7E00D0CDEB /* HTTPClientStub.swift in Sources */ = {isa = PBXBuildFile; fileRef = C3CF660A2B028D7E00D0CDEB /* HTTPClientStub.swift */; };
		C3CF660D2B028E8D00D0CDEB /* UIImage+TestHelpers.swift in Sources */ = {isa = PBXBuildFile; fileRef = C3CF660C2B028E8D00D0CDEB /* UIImage+TestHelpers.swift */; };
		C3CF660F2B028ECE00D0CDEB /* CountryListViewController+TestHelpers.swift in Sources */ = {isa = PBXBuildFile; fileRef = C3CF660E2B028ECE00D0CDEB /* CountryListViewController+TestHelpers.swift */; };
		C3CF66132B028F2100D0CDEB /* UIControl+TestHelpers.swift in Sources */ = {isa = PBXBuildFile; fileRef = C3CF66122B028F2100D0CDEB /* UIControl+TestHelpers.swift */; };
		C3CF66152B028F5200D0CDEB /* CountryCell+TestHelpers.swift in Sources */ = {isa = PBXBuildFile; fileRef = C3CF66142B028F5200D0CDEB /* CountryCell+TestHelpers.swift */; };
		C3CF66172B028F8500D0CDEB /* UIButton+TestHelpers.swift in Sources */ = {isa = PBXBuildFile; fileRef = C3CF66162B028F8500D0CDEB /* UIButton+TestHelpers.swift */; };
		C3CF661B2B0294B600D0CDEB /* CountryList.strings in Resources */ = {isa = PBXBuildFile; fileRef = C3CF661D2B0294B600D0CDEB /* CountryList.strings */; };
		C3CF66202B0295AD00D0CDEB /* Localized.swift in Sources */ = {isa = PBXBuildFile; fileRef = C3CF661F2B0295AD00D0CDEB /* Localized.swift */; };
		C3CF66222B02A60A00D0CDEB /* CountryListUIIntegrationTests.swift in Sources */ = {isa = PBXBuildFile; fileRef = C3CF66212B02A60A00D0CDEB /* CountryListUIIntegrationTests.swift */; };
		C3CF66252B02A6B600D0CDEB /* CountryListUIIntegrationTests+LoaderSpy.swift in Sources */ = {isa = PBXBuildFile; fileRef = C3CF66242B02A6B600D0CDEB /* CountryListUIIntegrationTests+LoaderSpy.swift */; };
		C3CF66272B02A7EF00D0CDEB /* CountryListUIIntegrationTests+Localization.swift in Sources */ = {isa = PBXBuildFile; fileRef = C3CF66262B02A7EF00D0CDEB /* CountryListUIIntegrationTests+Localization.swift */; };
		C3D9DDAC2B025CFF001FF8B1 /* AppDelegate.swift in Sources */ = {isa = PBXBuildFile; fileRef = C3D9DDAB2B025CFF001FF8B1 /* AppDelegate.swift */; };
		C3D9DDAE2B025CFF001FF8B1 /* SceneDelegate.swift in Sources */ = {isa = PBXBuildFile; fileRef = C3D9DDAD2B025CFF001FF8B1 /* SceneDelegate.swift */; };
		C3D9DDB52B025D00001FF8B1 /* Assets.xcassets in Resources */ = {isa = PBXBuildFile; fileRef = C3D9DDB42B025D00001FF8B1 /* Assets.xcassets */; };
		C3D9DDB82B025D00001FF8B1 /* LaunchScreen.storyboard in Resources */ = {isa = PBXBuildFile; fileRef = C3D9DDB62B025D00001FF8B1 /* LaunchScreen.storyboard */; };
		C3D9DDC62B025E11001FF8B1 /* LoadCountryListFromRemoteUseCaseTests.swift in Sources */ = {isa = PBXBuildFile; fileRef = C3D9DDC52B025E11001FF8B1 /* LoadCountryListFromRemoteUseCaseTests.swift */; };
		C3D9DDCF2B025F23001FF8B1 /* HTTPClient.swift in Sources */ = {isa = PBXBuildFile; fileRef = C3D9DDCE2B025F23001FF8B1 /* HTTPClient.swift */; };
		C3D9DDD32B025F57001FF8B1 /* HTTPClientSpy.swift in Sources */ = {isa = PBXBuildFile; fileRef = C3D9DDD22B025F57001FF8B1 /* HTTPClientSpy.swift */; };
		C3D9DDD62B025F8F001FF8B1 /* XCTestCase+MemoryLeakTracking.swift in Sources */ = {isa = PBXBuildFile; fileRef = C3D9DDD52B025F8F001FF8B1 /* XCTestCase+MemoryLeakTracking.swift */; };
		C3D9DDD92B0261AE001FF8B1 /* RemoteCountryListLoader.swift in Sources */ = {isa = PBXBuildFile; fileRef = C3D9DDD82B0261AE001FF8B1 /* RemoteCountryListLoader.swift */; };
		C3D9DDDB2B0261C3001FF8B1 /* CountryListLoader.swift in Sources */ = {isa = PBXBuildFile; fileRef = C3D9DDDA2B0261C3001FF8B1 /* CountryListLoader.swift */; };
		C3D9DDDD2B0261F4001FF8B1 /* CountryListItem.swift in Sources */ = {isa = PBXBuildFile; fileRef = C3D9DDDC2B0261F4001FF8B1 /* CountryListItem.swift */; };
		C3D9DDDF2B0262A8001FF8B1 /* CountryListItemsMapper.swift in Sources */ = {isa = PBXBuildFile; fileRef = C3D9DDDE2B0262A8001FF8B1 /* CountryListItemsMapper.swift */; };
		C3D9DDE22B0262DC001FF8B1 /* HTTPURLResponse+StatusCode.swift in Sources */ = {isa = PBXBuildFile; fileRef = C3D9DDE12B0262DC001FF8B1 /* HTTPURLResponse+StatusCode.swift */; };
		C3D9DDE42B0266F2001FF8B1 /* SharedTestHelper.swift in Sources */ = {isa = PBXBuildFile; fileRef = C3D9DDE32B0266F2001FF8B1 /* SharedTestHelper.swift */; };
		C3D9DDE62B026ED0001FF8B1 /* LoadImageDataFromRemoteUseCaseTests.swift in Sources */ = {isa = PBXBuildFile; fileRef = C3D9DDE52B026ED0001FF8B1 /* LoadImageDataFromRemoteUseCaseTests.swift */; };
		C3D9DDE92B027044001FF8B1 /* RemoteImageDataLoader.swift in Sources */ = {isa = PBXBuildFile; fileRef = C3D9DDE82B027044001FF8B1 /* RemoteImageDataLoader.swift */; };
		C3D9DDEB2B027057001FF8B1 /* ImageDataLoader.swift in Sources */ = {isa = PBXBuildFile; fileRef = C3D9DDEA2B027057001FF8B1 /* ImageDataLoader.swift */; };
/* End PBXBuildFile section */

/* Begin PBXContainerItemProxy section */
		C3D9DDC72B025E11001FF8B1 /* PBXContainerItemProxy */ = {
			isa = PBXContainerItemProxy;
			containerPortal = C3D9DDA02B025CFF001FF8B1 /* Project object */;
			proxyType = 1;
			remoteGlobalIDString = C3D9DDA72B025CFF001FF8B1;
			remoteInfo = CountryListApp;
		};
/* End PBXContainerItemProxy section */

/* Begin PBXFileReference section */
		AAA309AA2B02C42C00F923BF /* CountryListUIIntegrationTests+Assertions.swift */ = {isa = PBXFileReference; lastKnownFileType = sourcecode.swift; path = "CountryListUIIntegrationTests+Assertions.swift"; sourceTree = "<group>"; };
		AAA309AE2B02D69300F923BF /* DetailEndpoint.swift */ = {isa = PBXFileReference; lastKnownFileType = sourcecode.swift; path = DetailEndpoint.swift; sourceTree = "<group>"; };
		AAA309B22B02D75400F923BF /* DetailItem.swift */ = {isa = PBXFileReference; lastKnownFileType = sourcecode.swift; path = DetailItem.swift; sourceTree = "<group>"; };
		AAA309B42B02D7F800F923BF /* DetailItemsMapper.swift */ = {isa = PBXFileReference; lastKnownFileType = sourcecode.swift; path = DetailItemsMapper.swift; sourceTree = "<group>"; };
		AAA309B62B02D87600F923BF /* DetailLoader.swift */ = {isa = PBXFileReference; lastKnownFileType = sourcecode.swift; path = DetailLoader.swift; sourceTree = "<group>"; };
		AAA309B82B02D8A100F923BF /* RemoteDetailLoader.swift */ = {isa = PBXFileReference; lastKnownFileType = sourcecode.swift; path = RemoteDetailLoader.swift; sourceTree = "<group>"; };
		AAA309BC2B02D9C300F923BF /* LoadDetailFromRemoteUseCaseTests.swift */ = {isa = PBXFileReference; lastKnownFileType = sourcecode.swift; path = LoadDetailFromRemoteUseCaseTests.swift; sourceTree = "<group>"; };
		AAA309C12B02E8F300F923BF /* DetailViewModel.swift */ = {isa = PBXFileReference; lastKnownFileType = sourcecode.swift; path = DetailViewModel.swift; sourceTree = "<group>"; };
		AAA309C62B02E96700F923BF /* en */ = {isa = PBXFileReference; lastKnownFileType = text.plist.strings; name = en; path = en.lproj/Detail.strings; sourceTree = "<group>"; };
		AAA309C82B02E96800F923BF /* es */ = {isa = PBXFileReference; lastKnownFileType = text.plist.strings; name = es; path = es.lproj/Detail.strings; sourceTree = "<group>"; };
		AAA309C92B02E9AA00F923BF /* CountryList+Localized.swift */ = {isa = PBXFileReference; lastKnownFileType = sourcecode.swift; path = "CountryList+Localized.swift"; sourceTree = "<group>"; };
		AAA309CB2B02E9C200F923BF /* Detail+Localized.swift */ = {isa = PBXFileReference; lastKnownFileType = sourcecode.swift; path = "Detail+Localized.swift"; sourceTree = "<group>"; };
		C3B38A672B02BAD700F65BB0 /* LoadingView.swift */ = {isa = PBXFileReference; lastKnownFileType = sourcecode.swift; path = LoadingView.swift; sourceTree = "<group>"; };
		C3CF65C42B027A9D00D0CDEB /* CountryListViewModel.swift */ = {isa = PBXFileReference; lastKnownFileType = sourcecode.swift; path = CountryListViewModel.swift; sourceTree = "<group>"; };
		C3CF65C62B027B1F00D0CDEB /* Country.storyboard */ = {isa = PBXFileReference; lastKnownFileType = file.storyboard; path = Country.storyboard; sourceTree = "<group>"; };
		C3CF65C82B027BBD00D0CDEB /* CountryListViewController.swift */ = {isa = PBXFileReference; lastKnownFileType = sourcecode.swift; path = CountryListViewController.swift; sourceTree = "<group>"; };
		C3CF65CB2B027C1100D0CDEB /* UITableView+SizeHeader.swift */ = {isa = PBXFileReference; lastKnownFileType = sourcecode.swift; path = "UITableView+SizeHeader.swift"; sourceTree = "<group>"; };
		C3CF65CD2B027C9700D0CDEB /* ErrorView.swift */ = {isa = PBXFileReference; lastKnownFileType = sourcecode.swift; path = ErrorView.swift; sourceTree = "<group>"; };
		C3CF65D02B027DBA00D0CDEB /* CountryCellController.swift */ = {isa = PBXFileReference; lastKnownFileType = sourcecode.swift; path = CountryCellController.swift; sourceTree = "<group>"; };
		C3CF65D22B027DDA00D0CDEB /* UITableView+DequeueReusableCell.swift */ = {isa = PBXFileReference; lastKnownFileType = sourcecode.swift; path = "UITableView+DequeueReusableCell.swift"; sourceTree = "<group>"; };
		C3CF65D52B027E1100D0CDEB /* CountryCellViewModel.swift */ = {isa = PBXFileReference; lastKnownFileType = sourcecode.swift; path = CountryCellViewModel.swift; sourceTree = "<group>"; };
		C3CF65D72B027E3900D0CDEB /* CountryCell.swift */ = {isa = PBXFileReference; lastKnownFileType = sourcecode.swift; path = CountryCell.swift; sourceTree = "<group>"; };
		C3CF65D92B027E7B00D0CDEB /* UIImageView+Animations.swift */ = {isa = PBXFileReference; lastKnownFileType = sourcecode.swift; path = "UIImageView+Animations.swift"; sourceTree = "<group>"; };
		C3CF65DB2B027E9600D0CDEB /* UIView+Shimmering.swift */ = {isa = PBXFileReference; lastKnownFileType = sourcecode.swift; path = "UIView+Shimmering.swift"; sourceTree = "<group>"; };
		C3CF65DE2B027FD600D0CDEB /* CountryListUIComposer.swift */ = {isa = PBXFileReference; lastKnownFileType = sourcecode.swift; path = CountryListUIComposer.swift; sourceTree = "<group>"; };
		C3CF65E12B02806800D0CDEB /* MainQueueDispatchDecorator.swift */ = {isa = PBXFileReference; lastKnownFileType = sourcecode.swift; path = MainQueueDispatchDecorator.swift; sourceTree = "<group>"; };
		C3CF65E32B0280FC00D0CDEB /* CountryListEndpoint.swift */ = {isa = PBXFileReference; lastKnownFileType = sourcecode.swift; path = CountryListEndpoint.swift; sourceTree = "<group>"; };
		C3CF65E52B02814E00D0CDEB /* URLSessionHTTPClient.swift */ = {isa = PBXFileReference; lastKnownFileType = sourcecode.swift; path = URLSessionHTTPClient.swift; sourceTree = "<group>"; };
		C3CF65E82B0283DC00D0CDEB /* CountryListSnapshotTests.swift */ = {isa = PBXFileReference; lastKnownFileType = sourcecode.swift; path = CountryListSnapshotTests.swift; sourceTree = "<group>"; };
		C3CF65EB2B0284D800D0CDEB /* XCTestCase+Snapshot.swift */ = {isa = PBXFileReference; lastKnownFileType = sourcecode.swift; path = "XCTestCase+Snapshot.swift"; sourceTree = "<group>"; };
		C3CF65EE2B02852F00D0CDEB /* UIViewController+Snapshot.swift */ = {isa = PBXFileReference; lastKnownFileType = sourcecode.swift; path = "UIViewController+Snapshot.swift"; sourceTree = "<group>"; };
		C3CF65F02B02854F00D0CDEB /* SnapshotConfiguration.swift */ = {isa = PBXFileReference; lastKnownFileType = sourcecode.swift; path = SnapshotConfiguration.swift; sourceTree = "<group>"; };
		C3CF65FB2B028B4A00D0CDEB /* COUNTRY_LIST_WITH_ERROR_light.png */ = {isa = PBXFileReference; lastKnownFileType = image.png; path = COUNTRY_LIST_WITH_ERROR_light.png; sourceTree = "<group>"; };
		C3CF65FC2B028B4A00D0CDEB /* COUNTRY_LIST_WITH_ERROR_dark.png */ = {isa = PBXFileReference; lastKnownFileType = image.png; path = COUNTRY_LIST_WITH_ERROR_dark.png; sourceTree = "<group>"; };
		C3CF65FD2B028B4A00D0CDEB /* EMPTY_COUNTRY_LIST_dark.png */ = {isa = PBXFileReference; lastKnownFileType = image.png; path = EMPTY_COUNTRY_LIST_dark.png; sourceTree = "<group>"; };
		C3CF65FE2B028B4A00D0CDEB /* COUNTRY_LIST_WITH_CONTENT_dark.png */ = {isa = PBXFileReference; lastKnownFileType = image.png; path = COUNTRY_LIST_WITH_CONTENT_dark.png; sourceTree = "<group>"; };
		C3CF65FF2B028B4A00D0CDEB /* COUNTRY_LIST_WITH_CONTENT_light.png */ = {isa = PBXFileReference; lastKnownFileType = image.png; path = COUNTRY_LIST_WITH_CONTENT_light.png; sourceTree = "<group>"; };
		C3CF66002B028B4A00D0CDEB /* EMPTY_COUNTRY_LIST_light.png */ = {isa = PBXFileReference; lastKnownFileType = image.png; path = EMPTY_COUNTRY_LIST_light.png; sourceTree = "<group>"; };
		C3CF66072B028C9B00D0CDEB /* CountryListAcceptanceTests.swift */ = {isa = PBXFileReference; lastKnownFileType = sourcecode.swift; path = CountryListAcceptanceTests.swift; sourceTree = "<group>"; };
		C3CF660A2B028D7E00D0CDEB /* HTTPClientStub.swift */ = {isa = PBXFileReference; lastKnownFileType = sourcecode.swift; path = HTTPClientStub.swift; sourceTree = "<group>"; };
		C3CF660C2B028E8D00D0CDEB /* UIImage+TestHelpers.swift */ = {isa = PBXFileReference; lastKnownFileType = sourcecode.swift; path = "UIImage+TestHelpers.swift"; sourceTree = "<group>"; };
		C3CF660E2B028ECE00D0CDEB /* CountryListViewController+TestHelpers.swift */ = {isa = PBXFileReference; lastKnownFileType = sourcecode.swift; path = "CountryListViewController+TestHelpers.swift"; sourceTree = "<group>"; };
		C3CF66122B028F2100D0CDEB /* UIControl+TestHelpers.swift */ = {isa = PBXFileReference; lastKnownFileType = sourcecode.swift; path = "UIControl+TestHelpers.swift"; sourceTree = "<group>"; };
		C3CF66142B028F5200D0CDEB /* CountryCell+TestHelpers.swift */ = {isa = PBXFileReference; lastKnownFileType = sourcecode.swift; path = "CountryCell+TestHelpers.swift"; sourceTree = "<group>"; };
		C3CF66162B028F8500D0CDEB /* UIButton+TestHelpers.swift */ = {isa = PBXFileReference; lastKnownFileType = sourcecode.swift; path = "UIButton+TestHelpers.swift"; sourceTree = "<group>"; };
		C3CF66182B02947600D0CDEB /* es */ = {isa = PBXFileReference; lastKnownFileType = text.plist.strings; name = es; path = es.lproj/LaunchScreen.strings; sourceTree = "<group>"; };
		C3CF661C2B0294B600D0CDEB /* en */ = {isa = PBXFileReference; lastKnownFileType = text.plist.strings; name = en; path = en.lproj/CountryList.strings; sourceTree = "<group>"; };
		C3CF661E2B0294B900D0CDEB /* es */ = {isa = PBXFileReference; lastKnownFileType = text.plist.strings; name = es; path = es.lproj/CountryList.strings; sourceTree = "<group>"; };
		C3CF661F2B0295AD00D0CDEB /* Localized.swift */ = {isa = PBXFileReference; lastKnownFileType = sourcecode.swift; path = Localized.swift; sourceTree = "<group>"; };
		C3CF66212B02A60A00D0CDEB /* CountryListUIIntegrationTests.swift */ = {isa = PBXFileReference; lastKnownFileType = sourcecode.swift; path = CountryListUIIntegrationTests.swift; sourceTree = "<group>"; };
		C3CF66242B02A6B600D0CDEB /* CountryListUIIntegrationTests+LoaderSpy.swift */ = {isa = PBXFileReference; lastKnownFileType = sourcecode.swift; path = "CountryListUIIntegrationTests+LoaderSpy.swift"; sourceTree = "<group>"; };
		C3CF66262B02A7EF00D0CDEB /* CountryListUIIntegrationTests+Localization.swift */ = {isa = PBXFileReference; lastKnownFileType = sourcecode.swift; path = "CountryListUIIntegrationTests+Localization.swift"; sourceTree = "<group>"; };
		C3D9DDA82B025CFF001FF8B1 /* CountryListApp.app */ = {isa = PBXFileReference; explicitFileType = wrapper.application; includeInIndex = 0; path = CountryListApp.app; sourceTree = BUILT_PRODUCTS_DIR; };
		C3D9DDAB2B025CFF001FF8B1 /* AppDelegate.swift */ = {isa = PBXFileReference; lastKnownFileType = sourcecode.swift; path = AppDelegate.swift; sourceTree = "<group>"; };
		C3D9DDAD2B025CFF001FF8B1 /* SceneDelegate.swift */ = {isa = PBXFileReference; lastKnownFileType = sourcecode.swift; path = SceneDelegate.swift; sourceTree = "<group>"; };
		C3D9DDB42B025D00001FF8B1 /* Assets.xcassets */ = {isa = PBXFileReference; lastKnownFileType = folder.assetcatalog; path = Assets.xcassets; sourceTree = "<group>"; };
		C3D9DDB72B025D00001FF8B1 /* Base */ = {isa = PBXFileReference; lastKnownFileType = file.storyboard; name = Base; path = Base.lproj/LaunchScreen.storyboard; sourceTree = "<group>"; };
		C3D9DDB92B025D00001FF8B1 /* Info.plist */ = {isa = PBXFileReference; lastKnownFileType = text.plist.xml; path = Info.plist; sourceTree = "<group>"; };
		C3D9DDC32B025E11001FF8B1 /* CountryListAppTests.xctest */ = {isa = PBXFileReference; explicitFileType = wrapper.cfbundle; includeInIndex = 0; path = CountryListAppTests.xctest; sourceTree = BUILT_PRODUCTS_DIR; };
		C3D9DDC52B025E11001FF8B1 /* LoadCountryListFromRemoteUseCaseTests.swift */ = {isa = PBXFileReference; lastKnownFileType = sourcecode.swift; path = LoadCountryListFromRemoteUseCaseTests.swift; sourceTree = "<group>"; };
		C3D9DDCE2B025F23001FF8B1 /* HTTPClient.swift */ = {isa = PBXFileReference; lastKnownFileType = sourcecode.swift; path = HTTPClient.swift; sourceTree = "<group>"; };
		C3D9DDD22B025F57001FF8B1 /* HTTPClientSpy.swift */ = {isa = PBXFileReference; lastKnownFileType = sourcecode.swift; path = HTTPClientSpy.swift; sourceTree = "<group>"; };
		C3D9DDD52B025F8F001FF8B1 /* XCTestCase+MemoryLeakTracking.swift */ = {isa = PBXFileReference; lastKnownFileType = sourcecode.swift; path = "XCTestCase+MemoryLeakTracking.swift"; sourceTree = "<group>"; };
		C3D9DDD82B0261AE001FF8B1 /* RemoteCountryListLoader.swift */ = {isa = PBXFileReference; lastKnownFileType = sourcecode.swift; path = RemoteCountryListLoader.swift; sourceTree = "<group>"; };
		C3D9DDDA2B0261C3001FF8B1 /* CountryListLoader.swift */ = {isa = PBXFileReference; lastKnownFileType = sourcecode.swift; path = CountryListLoader.swift; sourceTree = "<group>"; };
		C3D9DDDC2B0261F4001FF8B1 /* CountryListItem.swift */ = {isa = PBXFileReference; lastKnownFileType = sourcecode.swift; path = CountryListItem.swift; sourceTree = "<group>"; };
		C3D9DDDE2B0262A8001FF8B1 /* CountryListItemsMapper.swift */ = {isa = PBXFileReference; lastKnownFileType = sourcecode.swift; path = CountryListItemsMapper.swift; sourceTree = "<group>"; };
		C3D9DDE12B0262DC001FF8B1 /* HTTPURLResponse+StatusCode.swift */ = {isa = PBXFileReference; lastKnownFileType = sourcecode.swift; path = "HTTPURLResponse+StatusCode.swift"; sourceTree = "<group>"; };
		C3D9DDE32B0266F2001FF8B1 /* SharedTestHelper.swift */ = {isa = PBXFileReference; lastKnownFileType = sourcecode.swift; path = SharedTestHelper.swift; sourceTree = "<group>"; };
		C3D9DDE52B026ED0001FF8B1 /* LoadImageDataFromRemoteUseCaseTests.swift */ = {isa = PBXFileReference; lastKnownFileType = sourcecode.swift; path = LoadImageDataFromRemoteUseCaseTests.swift; sourceTree = "<group>"; };
		C3D9DDE82B027044001FF8B1 /* RemoteImageDataLoader.swift */ = {isa = PBXFileReference; lastKnownFileType = sourcecode.swift; path = RemoteImageDataLoader.swift; sourceTree = "<group>"; };
		C3D9DDEA2B027057001FF8B1 /* ImageDataLoader.swift */ = {isa = PBXFileReference; lastKnownFileType = sourcecode.swift; path = ImageDataLoader.swift; sourceTree = "<group>"; };
		C3D9DDEC2B02714F001FF8B1 /* CountryListApp.xctestplan */ = {isa = PBXFileReference; lastKnownFileType = text; path = CountryListApp.xctestplan; sourceTree = "<group>"; };
/* End PBXFileReference section */

/* Begin PBXFrameworksBuildPhase section */
		C3D9DDA52B025CFF001FF8B1 /* Frameworks */ = {
			isa = PBXFrameworksBuildPhase;
			buildActionMask = 2147483647;
			files = (
			);
			runOnlyForDeploymentPostprocessing = 0;
		};
		C3D9DDC02B025E11001FF8B1 /* Frameworks */ = {
			isa = PBXFrameworksBuildPhase;
			buildActionMask = 2147483647;
			files = (
			);
			runOnlyForDeploymentPostprocessing = 0;
		};
/* End PBXFrameworksBuildPhase section */

/* Begin PBXGroup section */
		AAA309AC2B02D60200F923BF /* Shared */ = {
			isa = PBXGroup;
			children = (
				C3CF65E12B02806800D0CDEB /* MainQueueDispatchDecorator.swift */,
				C3CF661F2B0295AD00D0CDEB /* Localized.swift */,
			);
			path = Shared;
			sourceTree = "<group>";
		};
		AAA309AD2B02D64D00F923BF /* Detail */ = {
			isa = PBXGroup;
			children = (
				AAA309AE2B02D69300F923BF /* DetailEndpoint.swift */,
				AAA309B42B02D7F800F923BF /* DetailItemsMapper.swift */,
				AAA309B62B02D87600F923BF /* DetailLoader.swift */,
				AAA309B82B02D8A100F923BF /* RemoteDetailLoader.swift */,
			);
			path = Detail;
			sourceTree = "<group>";
		};
		AAA309B02B02D73600F923BF /* Detail */ = {
			isa = PBXGroup;
			children = (
				AAA309C02B02E4ED00F923BF /* Composer */,
				AAA309BF2B02E4E900F923BF /* ViewModel */,
				AAA309BE2B02E4E500F923BF /* View */,
				AAA309B12B02D74800F923BF /* Model */,
				AAA309C72B02E96700F923BF /* Detail.strings */,
				AAA309CB2B02E9C200F923BF /* Detail+Localized.swift */,
			);
			path = Detail;
			sourceTree = "<group>";
		};
		AAA309B12B02D74800F923BF /* Model */ = {
			isa = PBXGroup;
			children = (
				AAA309B22B02D75400F923BF /* DetailItem.swift */,
			);
			path = Model;
			sourceTree = "<group>";
		};
		AAA309BA2B02D99900F923BF /* CountryList */ = {
			isa = PBXGroup;
			children = (
				C3D9DDC52B025E11001FF8B1 /* LoadCountryListFromRemoteUseCaseTests.swift */,
			);
			path = CountryList;
			sourceTree = "<group>";
		};
		AAA309BB2B02D9A900F923BF /* Detail */ = {
			isa = PBXGroup;
			children = (
				AAA309BC2B02D9C300F923BF /* LoadDetailFromRemoteUseCaseTests.swift */,
			);
			path = Detail;
			sourceTree = "<group>";
		};
		AAA309BE2B02E4E500F923BF /* View */ = {
			isa = PBXGroup;
			children = (
			);
			path = View;
			sourceTree = "<group>";
		};
		AAA309BF2B02E4E900F923BF /* ViewModel */ = {
			isa = PBXGroup;
			children = (
				AAA309C12B02E8F300F923BF /* DetailViewModel.swift */,
			);
			path = ViewModel;
			sourceTree = "<group>";
		};
		AAA309C02B02E4ED00F923BF /* Composer */ = {
			isa = PBXGroup;
			children = (
			);
			path = Composer;
			sourceTree = "<group>";
		};
		C3CF65BE2B027A0300D0CDEB /* Presentation */ = {
			isa = PBXGroup;
			children = (
				AAA309AC2B02D60200F923BF /* Shared */,
				C3CF65CA2B027BFB00D0CDEB /* Helpers */,
				AAA309B02B02D73600F923BF /* Detail */,
				C3CF65BF2B027A4000D0CDEB /* CountryList */,
			);
			path = Presentation;
			sourceTree = "<group>";
		};
		C3CF65BF2B027A4000D0CDEB /* CountryList */ = {
			isa = PBXGroup;
			children = (
				C3CF65DD2B027FB700D0CDEB /* Composer */,
				C3CF65C32B027A6300D0CDEB /* ViewModel */,
				C3CF65C22B027A6000D0CDEB /* View */,
				C3CF65C12B027A5D00D0CDEB /* Model */,
				C3CF661D2B0294B600D0CDEB /* CountryList.strings */,
				AAA309C92B02E9AA00F923BF /* CountryList+Localized.swift */,
			);
			path = CountryList;
			sourceTree = "<group>";
		};
		C3CF65C12B027A5D00D0CDEB /* Model */ = {
			isa = PBXGroup;
			children = (
				C3D9DDDC2B0261F4001FF8B1 /* CountryListItem.swift */,
			);
			path = Model;
			sourceTree = "<group>";
		};
		C3CF65C22B027A6000D0CDEB /* View */ = {
			isa = PBXGroup;
			children = (
				C3CF65CF2B027CAA00D0CDEB /* TableViewCell */,
				C3CF65C62B027B1F00D0CDEB /* Country.storyboard */,
				C3CF65C82B027BBD00D0CDEB /* CountryListViewController.swift */,
				C3CF65CD2B027C9700D0CDEB /* ErrorView.swift */,
				C3B38A672B02BAD700F65BB0 /* LoadingView.swift */,
			);
			path = View;
			sourceTree = "<group>";
		};
		C3CF65C32B027A6300D0CDEB /* ViewModel */ = {
			isa = PBXGroup;
			children = (
				C3CF65D42B027DFD00D0CDEB /* TableViewCell */,
				C3CF65C42B027A9D00D0CDEB /* CountryListViewModel.swift */,
			);
			path = ViewModel;
			sourceTree = "<group>";
		};
		C3CF65CA2B027BFB00D0CDEB /* Helpers */ = {
			isa = PBXGroup;
			children = (
				C3CF65CB2B027C1100D0CDEB /* UITableView+SizeHeader.swift */,
				C3CF65D22B027DDA00D0CDEB /* UITableView+DequeueReusableCell.swift */,
				C3CF65D92B027E7B00D0CDEB /* UIImageView+Animations.swift */,
				C3CF65DB2B027E9600D0CDEB /* UIView+Shimmering.swift */,
			);
			path = Helpers;
			sourceTree = "<group>";
		};
		C3CF65CF2B027CAA00D0CDEB /* TableViewCell */ = {
			isa = PBXGroup;
			children = (
				C3CF65D02B027DBA00D0CDEB /* CountryCellController.swift */,
				C3CF65D72B027E3900D0CDEB /* CountryCell.swift */,
			);
			path = TableViewCell;
			sourceTree = "<group>";
		};
		C3CF65D42B027DFD00D0CDEB /* TableViewCell */ = {
			isa = PBXGroup;
			children = (
				C3CF65D52B027E1100D0CDEB /* CountryCellViewModel.swift */,
			);
			path = TableViewCell;
			sourceTree = "<group>";
		};
		C3CF65DD2B027FB700D0CDEB /* Composer */ = {
			isa = PBXGroup;
			children = (
				C3CF65DE2B027FD600D0CDEB /* CountryListUIComposer.swift */,
			);
			path = Composer;
			sourceTree = "<group>";
		};
		C3CF65E72B0283B800D0CDEB /* Presentation */ = {
			isa = PBXGroup;
			children = (
				C3CF65F22B02859800D0CDEB /* snapshots */,
				C3CF65EA2B0284CB00D0CDEB /* Helpers */,
				C3CF65E82B0283DC00D0CDEB /* CountryListSnapshotTests.swift */,
				C3CF66212B02A60A00D0CDEB /* CountryListUIIntegrationTests.swift */,
			);
			path = Presentation;
			sourceTree = "<group>";
		};
		C3CF65EA2B0284CB00D0CDEB /* Helpers */ = {
			isa = PBXGroup;
			children = (
				C3CF65EB2B0284D800D0CDEB /* XCTestCase+Snapshot.swift */,
				C3CF65EE2B02852F00D0CDEB /* UIViewController+Snapshot.swift */,
				C3CF65F02B02854F00D0CDEB /* SnapshotConfiguration.swift */,
				C3CF66242B02A6B600D0CDEB /* CountryListUIIntegrationTests+LoaderSpy.swift */,
				C3CF66262B02A7EF00D0CDEB /* CountryListUIIntegrationTests+Localization.swift */,
				AAA309AA2B02C42C00F923BF /* CountryListUIIntegrationTests+Assertions.swift */,
			);
			path = Helpers;
			sourceTree = "<group>";
		};
		C3CF65F22B02859800D0CDEB /* snapshots */ = {
			isa = PBXGroup;
			children = (
				C3CF65FE2B028B4A00D0CDEB /* COUNTRY_LIST_WITH_CONTENT_dark.png */,
				C3CF65FF2B028B4A00D0CDEB /* COUNTRY_LIST_WITH_CONTENT_light.png */,
				C3CF65FC2B028B4A00D0CDEB /* COUNTRY_LIST_WITH_ERROR_dark.png */,
				C3CF65FB2B028B4A00D0CDEB /* COUNTRY_LIST_WITH_ERROR_light.png */,
				C3CF65FD2B028B4A00D0CDEB /* EMPTY_COUNTRY_LIST_dark.png */,
				C3CF66002B028B4A00D0CDEB /* EMPTY_COUNTRY_LIST_light.png */,
			);
			path = snapshots;
			sourceTree = "<group>";
		};
		C3CF66092B028D6900D0CDEB /* Helpers */ = {
			isa = PBXGroup;
			children = (
				C3CF660A2B028D7E00D0CDEB /* HTTPClientStub.swift */,
				C3CF660C2B028E8D00D0CDEB /* UIImage+TestHelpers.swift */,
				C3CF660E2B028ECE00D0CDEB /* CountryListViewController+TestHelpers.swift */,
				C3CF66122B028F2100D0CDEB /* UIControl+TestHelpers.swift */,
				C3CF66142B028F5200D0CDEB /* CountryCell+TestHelpers.swift */,
				C3CF66162B028F8500D0CDEB /* UIButton+TestHelpers.swift */,
			);
			path = Helpers;
			sourceTree = "<group>";
		};
		C3D9DD9F2B025CFF001FF8B1 = {
			isa = PBXGroup;
			children = (
				C3D9DDEC2B02714F001FF8B1 /* CountryListApp.xctestplan */,
				C3D9DDAA2B025CFF001FF8B1 /* CountryListApp */,
				C3D9DDC42B025E11001FF8B1 /* CountryListAppTests */,
				C3D9DDA92B025CFF001FF8B1 /* Products */,
			);
			sourceTree = "<group>";
		};
		C3D9DDA92B025CFF001FF8B1 /* Products */ = {
			isa = PBXGroup;
			children = (
				C3D9DDA82B025CFF001FF8B1 /* CountryListApp.app */,
				C3D9DDC32B025E11001FF8B1 /* CountryListAppTests.xctest */,
			);
			name = Products;
			sourceTree = "<group>";
		};
		C3D9DDAA2B025CFF001FF8B1 /* CountryListApp */ = {
			isa = PBXGroup;
			children = (
				C3CF65BE2B027A0300D0CDEB /* Presentation */,
				C3D9DDCC2B025EF3001FF8B1 /* API */,
				C3D9DDAB2B025CFF001FF8B1 /* AppDelegate.swift */,
				C3D9DDAD2B025CFF001FF8B1 /* SceneDelegate.swift */,
				C3D9DDB42B025D00001FF8B1 /* Assets.xcassets */,
				C3D9DDB62B025D00001FF8B1 /* LaunchScreen.storyboard */,
				C3D9DDB92B025D00001FF8B1 /* Info.plist */,
			);
			path = CountryListApp;
			sourceTree = "<group>";
		};
		C3D9DDC42B025E11001FF8B1 /* CountryListAppTests */ = {
			isa = PBXGroup;
			children = (
				C3CF66092B028D6900D0CDEB /* Helpers */,
				C3CF66072B028C9B00D0CDEB /* CountryListAcceptanceTests.swift */,
				C3CF65E72B0283B800D0CDEB /* Presentation */,
				C3D9DDD42B025F85001FF8B1 /* Shared */,
				C3D9DDD02B025F44001FF8B1 /* API */,
			);
			path = CountryListAppTests;
			sourceTree = "<group>";
		};
		C3D9DDCC2B025EF3001FF8B1 /* API */ = {
			isa = PBXGroup;
			children = (
				C3D9DDE72B027039001FF8B1 /* Shared */,
				C3D9DDE02B0262CB001FF8B1 /* Helpers */,
				AAA309AD2B02D64D00F923BF /* Detail */,
				C3D9DDD72B02619A001FF8B1 /* CountryList */,
				C3D9DDCE2B025F23001FF8B1 /* HTTPClient.swift */,
			);
			path = API;
			sourceTree = "<group>";
		};
		C3D9DDD02B025F44001FF8B1 /* API */ = {
			isa = PBXGroup;
			children = (
				AAA309BB2B02D9A900F923BF /* Detail */,
				AAA309BA2B02D99900F923BF /* CountryList */,
				C3D9DDD12B025F4C001FF8B1 /* Helpers */,
				C3D9DDE52B026ED0001FF8B1 /* LoadImageDataFromRemoteUseCaseTests.swift */,
			);
			path = API;
			sourceTree = "<group>";
		};
		C3D9DDD12B025F4C001FF8B1 /* Helpers */ = {
			isa = PBXGroup;
			children = (
				C3D9DDD22B025F57001FF8B1 /* HTTPClientSpy.swift */,
				C3D9DDE32B0266F2001FF8B1 /* SharedTestHelper.swift */,
			);
			path = Helpers;
			sourceTree = "<group>";
		};
		C3D9DDD42B025F85001FF8B1 /* Shared */ = {
			isa = PBXGroup;
			children = (
				C3D9DDD52B025F8F001FF8B1 /* XCTestCase+MemoryLeakTracking.swift */,
			);
			path = Shared;
			sourceTree = "<group>";
		};
		C3D9DDD72B02619A001FF8B1 /* CountryList */ = {
			isa = PBXGroup;
			children = (
				C3D9DDD82B0261AE001FF8B1 /* RemoteCountryListLoader.swift */,
				C3D9DDDA2B0261C3001FF8B1 /* CountryListLoader.swift */,
				C3D9DDDE2B0262A8001FF8B1 /* CountryListItemsMapper.swift */,
				C3CF65E32B0280FC00D0CDEB /* CountryListEndpoint.swift */,
			);
			path = CountryList;
			sourceTree = "<group>";
		};
		C3D9DDE02B0262CB001FF8B1 /* Helpers */ = {
			isa = PBXGroup;
			children = (
				C3D9DDE12B0262DC001FF8B1 /* HTTPURLResponse+StatusCode.swift */,
			);
			path = Helpers;
			sourceTree = "<group>";
		};
		C3D9DDE72B027039001FF8B1 /* Shared */ = {
			isa = PBXGroup;
			children = (
				C3D9DDE82B027044001FF8B1 /* RemoteImageDataLoader.swift */,
				C3D9DDEA2B027057001FF8B1 /* ImageDataLoader.swift */,
				C3CF65E52B02814E00D0CDEB /* URLSessionHTTPClient.swift */,
			);
			path = Shared;
			sourceTree = "<group>";
		};
/* End PBXGroup section */

/* Begin PBXNativeTarget section */
		C3D9DDA72B025CFF001FF8B1 /* CountryListApp */ = {
			isa = PBXNativeTarget;
			buildConfigurationList = C3D9DDBC2B025D00001FF8B1 /* Build configuration list for PBXNativeTarget "CountryListApp" */;
			buildPhases = (
				C3D9DDA42B025CFF001FF8B1 /* Sources */,
				C3D9DDA52B025CFF001FF8B1 /* Frameworks */,
				C3D9DDA62B025CFF001FF8B1 /* Resources */,
			);
			buildRules = (
			);
			dependencies = (
			);
			name = CountryListApp;
			productName = CountryListApp;
			productReference = C3D9DDA82B025CFF001FF8B1 /* CountryListApp.app */;
			productType = "com.apple.product-type.application";
		};
		C3D9DDC22B025E11001FF8B1 /* CountryListAppTests */ = {
			isa = PBXNativeTarget;
			buildConfigurationList = C3D9DDC92B025E11001FF8B1 /* Build configuration list for PBXNativeTarget "CountryListAppTests" */;
			buildPhases = (
				C3D9DDBF2B025E11001FF8B1 /* Sources */,
				C3D9DDC02B025E11001FF8B1 /* Frameworks */,
				C3D9DDC12B025E11001FF8B1 /* Resources */,
			);
			buildRules = (
			);
			dependencies = (
				C3D9DDC82B025E11001FF8B1 /* PBXTargetDependency */,
			);
			name = CountryListAppTests;
			productName = CountryListAppTests;
			productReference = C3D9DDC32B025E11001FF8B1 /* CountryListAppTests.xctest */;
			productType = "com.apple.product-type.bundle.unit-test";
		};
/* End PBXNativeTarget section */

/* Begin PBXProject section */
		C3D9DDA02B025CFF001FF8B1 /* Project object */ = {
			isa = PBXProject;
			attributes = {
				BuildIndependentTargetsInParallel = 1;
				LastSwiftUpdateCheck = 1500;
				LastUpgradeCheck = 1500;
				TargetAttributes = {
					C3D9DDA72B025CFF001FF8B1 = {
						CreatedOnToolsVersion = 15.0;
					};
					C3D9DDC22B025E11001FF8B1 = {
						CreatedOnToolsVersion = 15.0;
						TestTargetID = C3D9DDA72B025CFF001FF8B1;
					};
				};
			};
			buildConfigurationList = C3D9DDA32B025CFF001FF8B1 /* Build configuration list for PBXProject "CountryListApp" */;
			compatibilityVersion = "Xcode 14.0";
			developmentRegion = en;
			hasScannedForEncodings = 0;
			knownRegions = (
				en,
				Base,
				es,
			);
			mainGroup = C3D9DD9F2B025CFF001FF8B1;
			productRefGroup = C3D9DDA92B025CFF001FF8B1 /* Products */;
			projectDirPath = "";
			projectRoot = "";
			targets = (
				C3D9DDA72B025CFF001FF8B1 /* CountryListApp */,
				C3D9DDC22B025E11001FF8B1 /* CountryListAppTests */,
			);
		};
/* End PBXProject section */

/* Begin PBXResourcesBuildPhase section */
		C3D9DDA62B025CFF001FF8B1 /* Resources */ = {
			isa = PBXResourcesBuildPhase;
			buildActionMask = 2147483647;
			files = (
				AAA309C52B02E96700F923BF /* Detail.strings in Resources */,
				C3D9DDB82B025D00001FF8B1 /* LaunchScreen.storyboard in Resources */,
				C3D9DDB52B025D00001FF8B1 /* Assets.xcassets in Resources */,
				C3CF65C72B027B1F00D0CDEB /* Country.storyboard in Resources */,
				C3CF661B2B0294B600D0CDEB /* CountryList.strings in Resources */,
			);
			runOnlyForDeploymentPostprocessing = 0;
		};
		C3D9DDC12B025E11001FF8B1 /* Resources */ = {
			isa = PBXResourcesBuildPhase;
			buildActionMask = 2147483647;
			files = (
				C3CF66022B028B4B00D0CDEB /* COUNTRY_LIST_WITH_ERROR_dark.png in Resources */,
				C3CF66052B028B4B00D0CDEB /* COUNTRY_LIST_WITH_CONTENT_light.png in Resources */,
				C3CF66032B028B4B00D0CDEB /* EMPTY_COUNTRY_LIST_dark.png in Resources */,
				C3CF66062B028B4B00D0CDEB /* EMPTY_COUNTRY_LIST_light.png in Resources */,
				C3CF66042B028B4B00D0CDEB /* COUNTRY_LIST_WITH_CONTENT_dark.png in Resources */,
				C3CF66012B028B4B00D0CDEB /* COUNTRY_LIST_WITH_ERROR_light.png in Resources */,
			);
			runOnlyForDeploymentPostprocessing = 0;
		};
/* End PBXResourcesBuildPhase section */

/* Begin PBXSourcesBuildPhase section */
		C3D9DDA42B025CFF001FF8B1 /* Sources */ = {
			isa = PBXSourcesBuildPhase;
			buildActionMask = 2147483647;
			files = (
				C3CF65E22B02806800D0CDEB /* MainQueueDispatchDecorator.swift in Sources */,
				AAA309B92B02D8A100F923BF /* RemoteDetailLoader.swift in Sources */,
				C3D9DDAC2B025CFF001FF8B1 /* AppDelegate.swift in Sources */,
				AAA309AF2B02D69300F923BF /* DetailEndpoint.swift in Sources */,
				C3CF65DC2B027E9600D0CDEB /* UIView+Shimmering.swift in Sources */,
				C3B38A682B02BAD700F65BB0 /* LoadingView.swift in Sources */,
				AAA309B32B02D75400F923BF /* DetailItem.swift in Sources */,
				C3CF65C92B027BBD00D0CDEB /* CountryListViewController.swift in Sources */,
				AAA309CC2B02E9C200F923BF /* Detail+Localized.swift in Sources */,
				C3CF65D62B027E1100D0CDEB /* CountryCellViewModel.swift in Sources */,
				C3D9DDAE2B025CFF001FF8B1 /* SceneDelegate.swift in Sources */,
				C3CF65E42B0280FC00D0CDEB /* CountryListEndpoint.swift in Sources */,
				C3D9DDCF2B025F23001FF8B1 /* HTTPClient.swift in Sources */,
				C3D9DDDB2B0261C3001FF8B1 /* CountryListLoader.swift in Sources */,
				C3CF65C52B027A9D00D0CDEB /* CountryListViewModel.swift in Sources */,
				C3D9DDD92B0261AE001FF8B1 /* RemoteCountryListLoader.swift in Sources */,
				AAA309C22B02E8F300F923BF /* DetailViewModel.swift in Sources */,
				AAA309CA2B02E9AA00F923BF /* CountryList+Localized.swift in Sources */,
				C3CF65E62B02814E00D0CDEB /* URLSessionHTTPClient.swift in Sources */,
				C3CF65D82B027E3900D0CDEB /* CountryCell.swift in Sources */,
				C3CF65DA2B027E7B00D0CDEB /* UIImageView+Animations.swift in Sources */,
				C3D9DDE92B027044001FF8B1 /* RemoteImageDataLoader.swift in Sources */,
				C3CF65DF2B027FD600D0CDEB /* CountryListUIComposer.swift in Sources */,
				C3CF65CC2B027C1100D0CDEB /* UITableView+SizeHeader.swift in Sources */,
				C3D9DDEB2B027057001FF8B1 /* ImageDataLoader.swift in Sources */,
				AAA309B52B02D7F800F923BF /* DetailItemsMapper.swift in Sources */,
				C3D9DDDF2B0262A8001FF8B1 /* CountryListItemsMapper.swift in Sources */,
				C3CF65CE2B027C9700D0CDEB /* ErrorView.swift in Sources */,
				C3CF66202B0295AD00D0CDEB /* Localized.swift in Sources */,
				AAA309B72B02D87600F923BF /* DetailLoader.swift in Sources */,
				C3CF65D12B027DBA00D0CDEB /* CountryCellController.swift in Sources */,
				C3CF65D32B027DDA00D0CDEB /* UITableView+DequeueReusableCell.swift in Sources */,
				C3D9DDE22B0262DC001FF8B1 /* HTTPURLResponse+StatusCode.swift in Sources */,
				C3D9DDDD2B0261F4001FF8B1 /* CountryListItem.swift in Sources */,
			);
			runOnlyForDeploymentPostprocessing = 0;
		};
		C3D9DDBF2B025E11001FF8B1 /* Sources */ = {
			isa = PBXSourcesBuildPhase;
			buildActionMask = 2147483647;
			files = (
				C3CF66082B028C9B00D0CDEB /* CountryListAcceptanceTests.swift in Sources */,
				C3CF66222B02A60A00D0CDEB /* CountryListUIIntegrationTests.swift in Sources */,
				C3CF65E92B0283DC00D0CDEB /* CountryListSnapshotTests.swift in Sources */,
				C3CF660B2B028D7E00D0CDEB /* HTTPClientStub.swift in Sources */,
				C3CF66272B02A7EF00D0CDEB /* CountryListUIIntegrationTests+Localization.swift in Sources */,
				C3CF66132B028F2100D0CDEB /* UIControl+TestHelpers.swift in Sources */,
				AAA309BD2B02D9C300F923BF /* LoadDetailFromRemoteUseCaseTests.swift in Sources */,
				C3CF65EC2B0284D800D0CDEB /* XCTestCase+Snapshot.swift in Sources */,
				C3CF660F2B028ECE00D0CDEB /* CountryListViewController+TestHelpers.swift in Sources */,
				C3CF65EF2B02852F00D0CDEB /* UIViewController+Snapshot.swift in Sources */,
				C3D9DDE42B0266F2001FF8B1 /* SharedTestHelper.swift in Sources */,
				C3D9DDC62B025E11001FF8B1 /* LoadCountryListFromRemoteUseCaseTests.swift in Sources */,
				C3CF66252B02A6B600D0CDEB /* CountryListUIIntegrationTests+LoaderSpy.swift in Sources */,
				C3CF65F12B02854F00D0CDEB /* SnapshotConfiguration.swift in Sources */,
				C3CF66152B028F5200D0CDEB /* CountryCell+TestHelpers.swift in Sources */,
				C3D9DDE62B026ED0001FF8B1 /* LoadImageDataFromRemoteUseCaseTests.swift in Sources */,
				C3D9DDD32B025F57001FF8B1 /* HTTPClientSpy.swift in Sources */,
				AAA309AB2B02C42C00F923BF /* CountryListUIIntegrationTests+Assertions.swift in Sources */,
				C3D9DDD62B025F8F001FF8B1 /* XCTestCase+MemoryLeakTracking.swift in Sources */,
				C3CF66172B028F8500D0CDEB /* UIButton+TestHelpers.swift in Sources */,
				C3CF660D2B028E8D00D0CDEB /* UIImage+TestHelpers.swift in Sources */,
			);
			runOnlyForDeploymentPostprocessing = 0;
		};
/* End PBXSourcesBuildPhase section */

/* Begin PBXTargetDependency section */
		C3D9DDC82B025E11001FF8B1 /* PBXTargetDependency */ = {
			isa = PBXTargetDependency;
			target = C3D9DDA72B025CFF001FF8B1 /* CountryListApp */;
			targetProxy = C3D9DDC72B025E11001FF8B1 /* PBXContainerItemProxy */;
		};
/* End PBXTargetDependency section */

/* Begin PBXVariantGroup section */
		AAA309C72B02E96700F923BF /* Detail.strings */ = {
			isa = PBXVariantGroup;
			children = (
				AAA309C62B02E96700F923BF /* en */,
				AAA309C82B02E96800F923BF /* es */,
			);
			name = Detail.strings;
			sourceTree = "<group>";
		};
		C3CF661D2B0294B600D0CDEB /* CountryList.strings */ = {
			isa = PBXVariantGroup;
			children = (
				C3CF661C2B0294B600D0CDEB /* en */,
				C3CF661E2B0294B900D0CDEB /* es */,
			);
			name = CountryList.strings;
			sourceTree = "<group>";
		};
		C3D9DDB62B025D00001FF8B1 /* LaunchScreen.storyboard */ = {
			isa = PBXVariantGroup;
			children = (
				C3D9DDB72B025D00001FF8B1 /* Base */,
				C3CF66182B02947600D0CDEB /* es */,
			);
			name = LaunchScreen.storyboard;
			sourceTree = "<group>";
		};
/* End PBXVariantGroup section */

/* Begin XCBuildConfiguration section */
		C3D9DDBA2B025D00001FF8B1 /* Debug */ = {
			isa = XCBuildConfiguration;
			buildSettings = {
				ALWAYS_SEARCH_USER_PATHS = NO;
				ASSETCATALOG_COMPILER_GENERATE_SWIFT_ASSET_SYMBOL_EXTENSIONS = YES;
				CLANG_ANALYZER_LOCALIZABILITY_NONLOCALIZED = YES;
				CLANG_ANALYZER_NONNULL = YES;
				CLANG_ANALYZER_NUMBER_OBJECT_CONVERSION = YES_AGGRESSIVE;
				CLANG_CXX_LANGUAGE_STANDARD = "gnu++20";
				CLANG_ENABLE_MODULES = YES;
				CLANG_ENABLE_OBJC_ARC = YES;
				CLANG_ENABLE_OBJC_WEAK = YES;
				CLANG_WARN_BLOCK_CAPTURE_AUTORELEASING = YES;
				CLANG_WARN_BOOL_CONVERSION = YES;
				CLANG_WARN_COMMA = YES;
				CLANG_WARN_CONSTANT_CONVERSION = YES;
				CLANG_WARN_DEPRECATED_OBJC_IMPLEMENTATIONS = YES;
				CLANG_WARN_DIRECT_OBJC_ISA_USAGE = YES_ERROR;
				CLANG_WARN_DOCUMENTATION_COMMENTS = YES;
				CLANG_WARN_EMPTY_BODY = YES;
				CLANG_WARN_ENUM_CONVERSION = YES;
				CLANG_WARN_INFINITE_RECURSION = YES;
				CLANG_WARN_INT_CONVERSION = YES;
				CLANG_WARN_NON_LITERAL_NULL_CONVERSION = YES;
				CLANG_WARN_OBJC_IMPLICIT_RETAIN_SELF = YES;
				CLANG_WARN_OBJC_LITERAL_CONVERSION = YES;
				CLANG_WARN_OBJC_ROOT_CLASS = YES_ERROR;
				CLANG_WARN_QUOTED_INCLUDE_IN_FRAMEWORK_HEADER = YES;
				CLANG_WARN_RANGE_LOOP_ANALYSIS = YES;
				CLANG_WARN_STRICT_PROTOTYPES = YES;
				CLANG_WARN_SUSPICIOUS_MOVE = YES;
				CLANG_WARN_UNGUARDED_AVAILABILITY = YES_AGGRESSIVE;
				CLANG_WARN_UNREACHABLE_CODE = YES;
				CLANG_WARN__DUPLICATE_METHOD_MATCH = YES;
				COPY_PHASE_STRIP = NO;
				DEBUG_INFORMATION_FORMAT = dwarf;
				ENABLE_STRICT_OBJC_MSGSEND = YES;
				ENABLE_TESTABILITY = YES;
				ENABLE_USER_SCRIPT_SANDBOXING = YES;
				GCC_C_LANGUAGE_STANDARD = gnu17;
				GCC_DYNAMIC_NO_PIC = NO;
				GCC_NO_COMMON_BLOCKS = YES;
				GCC_OPTIMIZATION_LEVEL = 0;
				GCC_PREPROCESSOR_DEFINITIONS = (
					"DEBUG=1",
					"$(inherited)",
				);
				GCC_WARN_64_TO_32_BIT_CONVERSION = YES;
				GCC_WARN_ABOUT_RETURN_TYPE = YES_ERROR;
				GCC_WARN_UNDECLARED_SELECTOR = YES;
				GCC_WARN_UNINITIALIZED_AUTOS = YES_AGGRESSIVE;
				GCC_WARN_UNUSED_FUNCTION = YES;
				GCC_WARN_UNUSED_VARIABLE = YES;
				IPHONEOS_DEPLOYMENT_TARGET = 17.0;
				LOCALIZATION_PREFERS_STRING_CATALOGS = YES;
				MTL_ENABLE_DEBUG_INFO = INCLUDE_SOURCE;
				MTL_FAST_MATH = YES;
				ONLY_ACTIVE_ARCH = YES;
				SDKROOT = iphoneos;
				SWIFT_ACTIVE_COMPILATION_CONDITIONS = "DEBUG $(inherited)";
				SWIFT_OPTIMIZATION_LEVEL = "-Onone";
			};
			name = Debug;
		};
		C3D9DDBB2B025D00001FF8B1 /* Release */ = {
			isa = XCBuildConfiguration;
			buildSettings = {
				ALWAYS_SEARCH_USER_PATHS = NO;
				ASSETCATALOG_COMPILER_GENERATE_SWIFT_ASSET_SYMBOL_EXTENSIONS = YES;
				CLANG_ANALYZER_LOCALIZABILITY_NONLOCALIZED = YES;
				CLANG_ANALYZER_NONNULL = YES;
				CLANG_ANALYZER_NUMBER_OBJECT_CONVERSION = YES_AGGRESSIVE;
				CLANG_CXX_LANGUAGE_STANDARD = "gnu++20";
				CLANG_ENABLE_MODULES = YES;
				CLANG_ENABLE_OBJC_ARC = YES;
				CLANG_ENABLE_OBJC_WEAK = YES;
				CLANG_WARN_BLOCK_CAPTURE_AUTORELEASING = YES;
				CLANG_WARN_BOOL_CONVERSION = YES;
				CLANG_WARN_COMMA = YES;
				CLANG_WARN_CONSTANT_CONVERSION = YES;
				CLANG_WARN_DEPRECATED_OBJC_IMPLEMENTATIONS = YES;
				CLANG_WARN_DIRECT_OBJC_ISA_USAGE = YES_ERROR;
				CLANG_WARN_DOCUMENTATION_COMMENTS = YES;
				CLANG_WARN_EMPTY_BODY = YES;
				CLANG_WARN_ENUM_CONVERSION = YES;
				CLANG_WARN_INFINITE_RECURSION = YES;
				CLANG_WARN_INT_CONVERSION = YES;
				CLANG_WARN_NON_LITERAL_NULL_CONVERSION = YES;
				CLANG_WARN_OBJC_IMPLICIT_RETAIN_SELF = YES;
				CLANG_WARN_OBJC_LITERAL_CONVERSION = YES;
				CLANG_WARN_OBJC_ROOT_CLASS = YES_ERROR;
				CLANG_WARN_QUOTED_INCLUDE_IN_FRAMEWORK_HEADER = YES;
				CLANG_WARN_RANGE_LOOP_ANALYSIS = YES;
				CLANG_WARN_STRICT_PROTOTYPES = YES;
				CLANG_WARN_SUSPICIOUS_MOVE = YES;
				CLANG_WARN_UNGUARDED_AVAILABILITY = YES_AGGRESSIVE;
				CLANG_WARN_UNREACHABLE_CODE = YES;
				CLANG_WARN__DUPLICATE_METHOD_MATCH = YES;
				COPY_PHASE_STRIP = NO;
				DEBUG_INFORMATION_FORMAT = "dwarf-with-dsym";
				ENABLE_NS_ASSERTIONS = NO;
				ENABLE_STRICT_OBJC_MSGSEND = YES;
				ENABLE_USER_SCRIPT_SANDBOXING = YES;
				GCC_C_LANGUAGE_STANDARD = gnu17;
				GCC_NO_COMMON_BLOCKS = YES;
				GCC_WARN_64_TO_32_BIT_CONVERSION = YES;
				GCC_WARN_ABOUT_RETURN_TYPE = YES_ERROR;
				GCC_WARN_UNDECLARED_SELECTOR = YES;
				GCC_WARN_UNINITIALIZED_AUTOS = YES_AGGRESSIVE;
				GCC_WARN_UNUSED_FUNCTION = YES;
				GCC_WARN_UNUSED_VARIABLE = YES;
				IPHONEOS_DEPLOYMENT_TARGET = 17.0;
				LOCALIZATION_PREFERS_STRING_CATALOGS = YES;
				MTL_ENABLE_DEBUG_INFO = NO;
				MTL_FAST_MATH = YES;
				SDKROOT = iphoneos;
				SWIFT_COMPILATION_MODE = wholemodule;
				VALIDATE_PRODUCT = YES;
			};
			name = Release;
		};
		C3D9DDBD2B025D00001FF8B1 /* Debug */ = {
			isa = XCBuildConfiguration;
			buildSettings = {
				ASSETCATALOG_COMPILER_APPICON_NAME = AppIcon;
				ASSETCATALOG_COMPILER_GLOBAL_ACCENT_COLOR_NAME = AccentColor;
				CODE_SIGN_STYLE = Automatic;
				CURRENT_PROJECT_VERSION = 1;
				DEVELOPMENT_TEAM = 9P74L4GXWB;
				GENERATE_INFOPLIST_FILE = YES;
				INFOPLIST_FILE = CountryListApp/Info.plist;
				INFOPLIST_KEY_UIApplicationSupportsIndirectInputEvents = YES;
				INFOPLIST_KEY_UILaunchStoryboardName = LaunchScreen;
				INFOPLIST_KEY_UISupportedInterfaceOrientations_iPad = "UIInterfaceOrientationPortrait UIInterfaceOrientationPortraitUpsideDown UIInterfaceOrientationLandscapeLeft UIInterfaceOrientationLandscapeRight";
				INFOPLIST_KEY_UISupportedInterfaceOrientations_iPhone = "UIInterfaceOrientationPortrait UIInterfaceOrientationLandscapeLeft UIInterfaceOrientationLandscapeRight";
				LD_RUNPATH_SEARCH_PATHS = (
					"$(inherited)",
					"@executable_path/Frameworks",
				);
				MARKETING_VERSION = 1.0;
				PRODUCT_BUNDLE_IDENTIFIER = com.dukena.CountryListApp;
				PRODUCT_NAME = "$(TARGET_NAME)";
				SWIFT_EMIT_LOC_STRINGS = YES;
				SWIFT_VERSION = 5.0;
				TARGETED_DEVICE_FAMILY = "1,2";
			};
			name = Debug;
		};
		C3D9DDBE2B025D00001FF8B1 /* Release */ = {
			isa = XCBuildConfiguration;
			buildSettings = {
				ASSETCATALOG_COMPILER_APPICON_NAME = AppIcon;
				ASSETCATALOG_COMPILER_GLOBAL_ACCENT_COLOR_NAME = AccentColor;
				CODE_SIGN_STYLE = Automatic;
				CURRENT_PROJECT_VERSION = 1;
				DEVELOPMENT_TEAM = 9P74L4GXWB;
				GENERATE_INFOPLIST_FILE = YES;
				INFOPLIST_FILE = CountryListApp/Info.plist;
				INFOPLIST_KEY_UIApplicationSupportsIndirectInputEvents = YES;
				INFOPLIST_KEY_UILaunchStoryboardName = LaunchScreen;
				INFOPLIST_KEY_UISupportedInterfaceOrientations_iPad = "UIInterfaceOrientationPortrait UIInterfaceOrientationPortraitUpsideDown UIInterfaceOrientationLandscapeLeft UIInterfaceOrientationLandscapeRight";
				INFOPLIST_KEY_UISupportedInterfaceOrientations_iPhone = "UIInterfaceOrientationPortrait UIInterfaceOrientationLandscapeLeft UIInterfaceOrientationLandscapeRight";
				LD_RUNPATH_SEARCH_PATHS = (
					"$(inherited)",
					"@executable_path/Frameworks",
				);
				MARKETING_VERSION = 1.0;
				PRODUCT_BUNDLE_IDENTIFIER = com.dukena.CountryListApp;
				PRODUCT_NAME = "$(TARGET_NAME)";
				SWIFT_EMIT_LOC_STRINGS = YES;
				SWIFT_VERSION = 5.0;
				TARGETED_DEVICE_FAMILY = "1,2";
			};
			name = Release;
		};
		C3D9DDCA2B025E11001FF8B1 /* Debug */ = {
			isa = XCBuildConfiguration;
			buildSettings = {
				BUNDLE_LOADER = "$(TEST_HOST)";
				CODE_SIGN_STYLE = Automatic;
				CURRENT_PROJECT_VERSION = 1;
				DEVELOPMENT_TEAM = 9P74L4GXWB;
				GENERATE_INFOPLIST_FILE = YES;
				MARKETING_VERSION = 1.0;
				PRODUCT_BUNDLE_IDENTIFIER = com.dukena.CountryListAppTests;
				PRODUCT_NAME = "$(TARGET_NAME)";
				SWIFT_EMIT_LOC_STRINGS = NO;
				SWIFT_VERSION = 5.0;
				TARGETED_DEVICE_FAMILY = "1,2";
				TEST_HOST = "$(BUILT_PRODUCTS_DIR)/CountryListApp.app/$(BUNDLE_EXECUTABLE_FOLDER_PATH)/CountryListApp";
			};
			name = Debug;
		};
		C3D9DDCB2B025E11001FF8B1 /* Release */ = {
			isa = XCBuildConfiguration;
			buildSettings = {
				BUNDLE_LOADER = "$(TEST_HOST)";
				CODE_SIGN_STYLE = Automatic;
				CURRENT_PROJECT_VERSION = 1;
				DEVELOPMENT_TEAM = 9P74L4GXWB;
				GENERATE_INFOPLIST_FILE = YES;
				MARKETING_VERSION = 1.0;
				PRODUCT_BUNDLE_IDENTIFIER = com.dukena.CountryListAppTests;
				PRODUCT_NAME = "$(TARGET_NAME)";
				SWIFT_EMIT_LOC_STRINGS = NO;
				SWIFT_VERSION = 5.0;
				TARGETED_DEVICE_FAMILY = "1,2";
				TEST_HOST = "$(BUILT_PRODUCTS_DIR)/CountryListApp.app/$(BUNDLE_EXECUTABLE_FOLDER_PATH)/CountryListApp";
			};
			name = Release;
		};
/* End XCBuildConfiguration section */

/* Begin XCConfigurationList section */
		C3D9DDA32B025CFF001FF8B1 /* Build configuration list for PBXProject "CountryListApp" */ = {
			isa = XCConfigurationList;
			buildConfigurations = (
				C3D9DDBA2B025D00001FF8B1 /* Debug */,
				C3D9DDBB2B025D00001FF8B1 /* Release */,
			);
			defaultConfigurationIsVisible = 0;
			defaultConfigurationName = Release;
		};
		C3D9DDBC2B025D00001FF8B1 /* Build configuration list for PBXNativeTarget "CountryListApp" */ = {
			isa = XCConfigurationList;
			buildConfigurations = (
				C3D9DDBD2B025D00001FF8B1 /* Debug */,
				C3D9DDBE2B025D00001FF8B1 /* Release */,
			);
			defaultConfigurationIsVisible = 0;
			defaultConfigurationName = Release;
		};
		C3D9DDC92B025E11001FF8B1 /* Build configuration list for PBXNativeTarget "CountryListAppTests" */ = {
			isa = XCConfigurationList;
			buildConfigurations = (
				C3D9DDCA2B025E11001FF8B1 /* Debug */,
				C3D9DDCB2B025E11001FF8B1 /* Release */,
			);
			defaultConfigurationIsVisible = 0;
			defaultConfigurationName = Release;
		};
/* End XCConfigurationList section */
	};
	rootObject = C3D9DDA02B025CFF001FF8B1 /* Project object */;
}
